// !$*UTF8*$!
{
	archiveVersion = 1;
	classes = {
	};
	objectVersion = 50;
	objects = {

/* Begin PBXBuildFile section */
		2E0652E5225C20BA005BFF54 /* FileOperateController.m in Sources */ = {isa = PBXBuildFile; fileRef = 2E0652E4225C20BA005BFF54 /* FileOperateController.m */; };
		2E0DF6792314D26A006C714E /* EMIcon(1).ttf in Resources */ = {isa = PBXBuildFile; fileRef = 2E0DF6782314D26A006C714E /* EMIcon(1).ttf */; };
		2E0DF67B2314D287006C714E /* EMIcon.ttf in Resources */ = {isa = PBXBuildFile; fileRef = 2E0DF67A2314D287006C714E /* EMIcon.ttf */; };
		2E0DF67E2314D4E7006C714E /* FontTestViewController.m in Sources */ = {isa = PBXBuildFile; fileRef = 2E0DF67D2314D4E7006C714E /* FontTestViewController.m */; };
		2E51966C224248BC00D0236B /* LayoutTestController.m in Sources */ = {isa = PBXBuildFile; fileRef = 2E51966B224248BC00D0236B /* LayoutTestController.m */; };
		2EADFD3922D46616004011F5 /* LayoutCellTest.m in Sources */ = {isa = PBXBuildFile; fileRef = 2EADFD3722D46616004011F5 /* LayoutCellTest.m */; };
		2EADFD3A22D46616004011F5 /* LayoutCellTest.xib in Resources */ = {isa = PBXBuildFile; fileRef = 2EADFD3822D46616004011F5 /* LayoutCellTest.xib */; };
		2ECE5A28225CCB720016233D /* FMDBUtil.m in Sources */ = {isa = PBXBuildFile; fileRef = 2ECE5A27225CCB720016233D /* FMDBUtil.m */; };
		2ECE5A2B225CCBA90016233D /* FMDBDemoController.m in Sources */ = {isa = PBXBuildFile; fileRef = 2ECE5A2A225CCBA90016233D /* FMDBDemoController.m */; };
		86B394A471ED7A17D0ECCBBC /* Pods_ProductDemo.framework in Frameworks */ = {isa = PBXBuildFile; fileRef = 55F2AD34BE73509EFACBCCD5 /* Pods_ProductDemo.framework */; };
		F40519522134F7CB00310191 /* RoundedImageController.m in Sources */ = {isa = PBXBuildFile; fileRef = F40519502134F7CB00310191 /* RoundedImageController.m */; };
		F40519532134F7CB00310191 /* RoundedImageController.xib in Resources */ = {isa = PBXBuildFile; fileRef = F40519512134F7CB00310191 /* RoundedImageController.xib */; };
		F4067A9121C1CFC000EDD9E4 /* DragCollectionController.m in Sources */ = {isa = PBXBuildFile; fileRef = F4067A9021C1CFC000EDD9E4 /* DragCollectionController.m */; };
		F410488421A27CA700D2550E /* UIColor+Util.m in Sources */ = {isa = PBXBuildFile; fileRef = F410488321A27CA700D2550E /* UIColor+Util.m */; };
		F410488821A289C000D2550E /* ZDAlertUtil.m in Sources */ = {isa = PBXBuildFile; fileRef = F410488721A289C000D2550E /* ZDAlertUtil.m */; };
		F410CAA120D0AF92003C045A /* AppDelegate.m in Sources */ = {isa = PBXBuildFile; fileRef = F410CAA020D0AF92003C045A /* AppDelegate.m */; };
		F410CAA720D0AF92003C045A /* Main.storyboard in Resources */ = {isa = PBXBuildFile; fileRef = F410CAA520D0AF92003C045A /* Main.storyboard */; };
		F410CAA920D0AF95003C045A /* Assets.xcassets in Resources */ = {isa = PBXBuildFile; fileRef = F410CAA820D0AF95003C045A /* Assets.xcassets */; };
		F410CAAC20D0AF95003C045A /* LaunchScreen.storyboard in Resources */ = {isa = PBXBuildFile; fileRef = F410CAAA20D0AF95003C045A /* LaunchScreen.storyboard */; };
		F410CAAF20D0AF95003C045A /* main.m in Sources */ = {isa = PBXBuildFile; fileRef = F410CAAE20D0AF95003C045A /* main.m */; };
		F410CAB920D0AF95003C045A /* ProductDemoTests.m in Sources */ = {isa = PBXBuildFile; fileRef = F410CAB820D0AF95003C045A /* ProductDemoTests.m */; };
		F410CAC420D0AF95003C045A /* ProductDemoUITests.m in Sources */ = {isa = PBXBuildFile; fileRef = F410CAC320D0AF95003C045A /* ProductDemoUITests.m */; };
		F410CAD420D0B290003C045A /* IconUtil.m in Sources */ = {isa = PBXBuildFile; fileRef = F410CAD220D0B290003C045A /* IconUtil.m */; };
		F410CADB20D0C788003C045A /* NSString+Fmt.m in Sources */ = {isa = PBXBuildFile; fileRef = F410CADA20D0C788003C045A /* NSString+Fmt.m */; };
		F410CADE20D0C8C0003C045A /* NSString+JudgeType.m in Sources */ = {isa = PBXBuildFile; fileRef = F410CADD20D0C8C0003C045A /* NSString+JudgeType.m */; };
		F410CAE120D0C94E003C045A /* DeviceInfoUtil.m in Sources */ = {isa = PBXBuildFile; fileRef = F410CAE020D0C94E003C045A /* DeviceInfoUtil.m */; };
		F410CAE520D0FA60003C045A /* DemoListViewController.m in Sources */ = {isa = PBXBuildFile; fileRef = F410CAE320D0FA60003C045A /* DemoListViewController.m */; };
		F410CAE620D0FA60003C045A /* DemoListViewController.xib in Resources */ = {isa = PBXBuildFile; fileRef = F410CAE420D0FA60003C045A /* DemoListViewController.xib */; };
		F4225F2120F5CA1000114095 /* TransitionFirstViewController.m in Sources */ = {isa = PBXBuildFile; fileRef = F4225F2020F5CA1000114095 /* TransitionFirstViewController.m */; };
		F4225F2420F5CA2F00114095 /* TransitionSecondViewController.m in Sources */ = {isa = PBXBuildFile; fileRef = F4225F2320F5CA2F00114095 /* TransitionSecondViewController.m */; };
		F4225F2720F5CAC100114095 /* PresentTransition.m in Sources */ = {isa = PBXBuildFile; fileRef = F4225F2620F5CAC100114095 /* PresentTransition.m */; };
		F4225F2F20F5DBEF00114095 /* DismissTransition.m in Sources */ = {isa = PBXBuildFile; fileRef = F4225F2E20F5DBEF00114095 /* DismissTransition.m */; };
		F4225F3120F5E26100114095 /* bg1.png in Resources */ = {isa = PBXBuildFile; fileRef = F4225F3020F5E26100114095 /* bg1.png */; };
		F4225F3320F5E26500114095 /* bg2.png in Resources */ = {isa = PBXBuildFile; fileRef = F4225F3220F5E26500114095 /* bg2.png */; };
		F42875042119185600502406 /* bg4.png in Resources */ = {isa = PBXBuildFile; fileRef = F42875022119185500502406 /* bg4.png */; };
		F42875052119185600502406 /* bg3.png in Resources */ = {isa = PBXBuildFile; fileRef = F42875032119185600502406 /* bg3.png */; };
		F428750921191BDC00502406 /* CollectionViewDemoController.m in Sources */ = {isa = PBXBuildFile; fileRef = F428750821191BDC00502406 /* CollectionViewDemoController.m */; };
		F42E2C8A21AFB55F00BEAAE8 /* AttributedTextViewController.m in Sources */ = {isa = PBXBuildFile; fileRef = F42E2C8921AFB55F00BEAAE8 /* AttributedTextViewController.m */; };
		F4341086213F7B100082C13C /* UIImageView+RoundImage.m in Sources */ = {isa = PBXBuildFile; fileRef = F4341085213F7B100082C13C /* UIImageView+RoundImage.m */; };
		F4341089213FA0AC0082C13C /* Singleton.m in Sources */ = {isa = PBXBuildFile; fileRef = F4341088213FA0AC0082C13C /* Singleton.m */; };
		F434108C213FA21A0082C13C /* SingletonViewController.m in Sources */ = {isa = PBXBuildFile; fileRef = F434108B213FA21A0082C13C /* SingletonViewController.m */; };
		F4341090213FB53F0082C13C /* ZDCycleScrollView.m in Sources */ = {isa = PBXBuildFile; fileRef = F434108F213FB53F0082C13C /* ZDCycleScrollView.m */; };
		F4341093213FB5670082C13C /* ZDCycleScrollCell.m in Sources */ = {isa = PBXBuildFile; fileRef = F4341092213FB5670082C13C /* ZDCycleScrollCell.m */; };
		F4341096213FB5D50082C13C /* UIView+ZDCategory.m in Sources */ = {isa = PBXBuildFile; fileRef = F4341095213FB5D50082C13C /* UIView+ZDCategory.m */; };
		F435D88921BF32F30049460D /* CollectionAndTable.m in Sources */ = {isa = PBXBuildFile; fileRef = F435D88821BF32F30049460D /* CollectionAndTable.m */; };
		F43ADD5F20D384E0002DD68F /* TestPermissionViewController.m in Sources */ = {isa = PBXBuildFile; fileRef = F43ADD5E20D384E0002DD68F /* TestPermissionViewController.m */; };
		F43D5392214643CB00449C2C /* ZDCircleScrollView_son.m in Sources */ = {isa = PBXBuildFile; fileRef = F43D5390214643CA00449C2C /* ZDCircleScrollView_son.m */; };
		F4ACF6B02140C81400D1795C /* ZDCircleScrollController.m in Sources */ = {isa = PBXBuildFile; fileRef = F4ACF6AF2140C81400D1795C /* ZDCircleScrollController.m */; };
		F4DBE0E320D238CB00106DC7 /* ZDPermissionManager.m in Sources */ = {isa = PBXBuildFile; fileRef = F4DBE0E220D238CB00106DC7 /* ZDPermissionManager.m */; };
		F4DBE0E620D238E900106DC7 /* ZDPermissionPhotos.m in Sources */ = {isa = PBXBuildFile; fileRef = F4DBE0E520D238E900106DC7 /* ZDPermissionPhotos.m */; };
		F4DBE0E920D23CA400106DC7 /* ZDPermissionCamera.m in Sources */ = {isa = PBXBuildFile; fileRef = F4DBE0E820D23CA400106DC7 /* ZDPermissionCamera.m */; };
		F4DBE0EF20D2425C00106DC7 /* ZDPermissionContacts.m in Sources */ = {isa = PBXBuildFile; fileRef = F4DBE0EE20D2425C00106DC7 /* ZDPermissionContacts.m */; };
		F4DBE0F220D246E100106DC7 /* ZDPermissionMicrophone.m in Sources */ = {isa = PBXBuildFile; fileRef = F4DBE0F120D246E100106DC7 /* ZDPermissionMicrophone.m */; };
		F4DBE10420D24D8C00106DC7 /* ZDPermissionCalendar.m in Sources */ = {isa = PBXBuildFile; fileRef = F4DBE10320D24D8C00106DC7 /* ZDPermissionCalendar.m */; };
		F4DBE10720D24E4000106DC7 /* ZDPermissionNet.m in Sources */ = {isa = PBXBuildFile; fileRef = F4DBE10620D24E4000106DC7 /* ZDPermissionNet.m */; };
		F4DBE10A20D255CF00106DC7 /* ZDPermissionHealth.m in Sources */ = {isa = PBXBuildFile; fileRef = F4DBE10920D255CF00106DC7 /* ZDPermissionHealth.m */; };
		F4DBE10D20D256D500106DC7 /* ZDPermissionLocation.m in Sources */ = {isa = PBXBuildFile; fileRef = F4DBE10C20D256D500106DC7 /* ZDPermissionLocation.m */; };
		F4DBE11020D2593900106DC7 /* ZDPermissionReminders.m in Sources */ = {isa = PBXBuildFile; fileRef = F4DBE10F20D2593900106DC7 /* ZDPermissionReminders.m */; };
		F4ED52042119705800ADDC04 /* ZDCollectionViewCell.m in Sources */ = {isa = PBXBuildFile; fileRef = F4ED52032119705800ADDC04 /* ZDCollectionViewCell.m */; };
/* End PBXBuildFile section */

/* Begin PBXContainerItemProxy section */
		F410CAB520D0AF95003C045A /* PBXContainerItemProxy */ = {
			isa = PBXContainerItemProxy;
			containerPortal = F410CA9420D0AF92003C045A /* Project object */;
			proxyType = 1;
			remoteGlobalIDString = F410CA9B20D0AF92003C045A;
			remoteInfo = ProductDemo;
		};
		F410CAC020D0AF95003C045A /* PBXContainerItemProxy */ = {
			isa = PBXContainerItemProxy;
			containerPortal = F410CA9420D0AF92003C045A /* Project object */;
			proxyType = 1;
			remoteGlobalIDString = F410CA9B20D0AF92003C045A;
			remoteInfo = ProductDemo;
		};
/* End PBXContainerItemProxy section */

/* Begin PBXFileReference section */
		2E0652E3225C20BA005BFF54 /* FileOperateController.h */ = {isa = PBXFileReference; lastKnownFileType = sourcecode.c.h; path = FileOperateController.h; sourceTree = "<group>"; };
		2E0652E4225C20BA005BFF54 /* FileOperateController.m */ = {isa = PBXFileReference; lastKnownFileType = sourcecode.c.objc; path = FileOperateController.m; sourceTree = "<group>"; };
		2E0DF6782314D26A006C714E /* EMIcon(1).ttf */ = {isa = PBXFileReference; lastKnownFileType = file; path = "EMIcon(1).ttf"; sourceTree = "<group>"; };
		2E0DF67A2314D287006C714E /* EMIcon.ttf */ = {isa = PBXFileReference; lastKnownFileType = file; path = EMIcon.ttf; sourceTree = "<group>"; };
		2E0DF67C2314D4E7006C714E /* FontTestViewController.h */ = {isa = PBXFileReference; lastKnownFileType = sourcecode.c.h; path = FontTestViewController.h; sourceTree = "<group>"; };
		2E0DF67D2314D4E7006C714E /* FontTestViewController.m */ = {isa = PBXFileReference; lastKnownFileType = sourcecode.c.objc; path = FontTestViewController.m; sourceTree = "<group>"; };
		2E51966A224248BC00D0236B /* LayoutTestController.h */ = {isa = PBXFileReference; lastKnownFileType = sourcecode.c.h; path = LayoutTestController.h; sourceTree = "<group>"; };
		2E51966B224248BC00D0236B /* LayoutTestController.m */ = {isa = PBXFileReference; lastKnownFileType = sourcecode.c.objc; path = LayoutTestController.m; sourceTree = "<group>"; };
		2EADFD3622D46616004011F5 /* LayoutCellTest.h */ = {isa = PBXFileReference; lastKnownFileType = sourcecode.c.h; path = LayoutCellTest.h; sourceTree = "<group>"; };
		2EADFD3722D46616004011F5 /* LayoutCellTest.m */ = {isa = PBXFileReference; lastKnownFileType = sourcecode.c.objc; path = LayoutCellTest.m; sourceTree = "<group>"; };
		2EADFD3822D46616004011F5 /* LayoutCellTest.xib */ = {isa = PBXFileReference; lastKnownFileType = file.xib; path = LayoutCellTest.xib; sourceTree = "<group>"; };
		2ECE5A26225CCB720016233D /* FMDBUtil.h */ = {isa = PBXFileReference; lastKnownFileType = sourcecode.c.h; path = FMDBUtil.h; sourceTree = "<group>"; };
		2ECE5A27225CCB720016233D /* FMDBUtil.m */ = {isa = PBXFileReference; lastKnownFileType = sourcecode.c.objc; path = FMDBUtil.m; sourceTree = "<group>"; };
		2ECE5A29225CCBA90016233D /* FMDBDemoController.h */ = {isa = PBXFileReference; lastKnownFileType = sourcecode.c.h; path = FMDBDemoController.h; sourceTree = "<group>"; };
		2ECE5A2A225CCBA90016233D /* FMDBDemoController.m */ = {isa = PBXFileReference; lastKnownFileType = sourcecode.c.objc; path = FMDBDemoController.m; sourceTree = "<group>"; };
		55F2AD34BE73509EFACBCCD5 /* Pods_ProductDemo.framework */ = {isa = PBXFileReference; explicitFileType = wrapper.framework; includeInIndex = 0; path = Pods_ProductDemo.framework; sourceTree = BUILT_PRODUCTS_DIR; };
		C607F5E80749F71F436CBDDD /* Pods-ProductDemo.release.xcconfig */ = {isa = PBXFileReference; includeInIndex = 1; lastKnownFileType = text.xcconfig; name = "Pods-ProductDemo.release.xcconfig"; path = "Pods/Target Support Files/Pods-ProductDemo/Pods-ProductDemo.release.xcconfig"; sourceTree = "<group>"; };
		E6F20B51FD082465E4A14D38 /* Pods-ProductDemo.debug.xcconfig */ = {isa = PBXFileReference; includeInIndex = 1; lastKnownFileType = text.xcconfig; name = "Pods-ProductDemo.debug.xcconfig"; path = "Pods/Target Support Files/Pods-ProductDemo/Pods-ProductDemo.debug.xcconfig"; sourceTree = "<group>"; };
		F405194F2134F7CB00310191 /* RoundedImageController.h */ = {isa = PBXFileReference; lastKnownFileType = sourcecode.c.h; path = RoundedImageController.h; sourceTree = "<group>"; };
		F40519502134F7CB00310191 /* RoundedImageController.m */ = {isa = PBXFileReference; lastKnownFileType = sourcecode.c.objc; path = RoundedImageController.m; sourceTree = "<group>"; };
		F40519512134F7CB00310191 /* RoundedImageController.xib */ = {isa = PBXFileReference; lastKnownFileType = file.xib; path = RoundedImageController.xib; sourceTree = "<group>"; };
		F4067A8F21C1CFC000EDD9E4 /* DragCollectionController.h */ = {isa = PBXFileReference; lastKnownFileType = sourcecode.c.h; path = DragCollectionController.h; sourceTree = "<group>"; };
		F4067A9021C1CFC000EDD9E4 /* DragCollectionController.m */ = {isa = PBXFileReference; lastKnownFileType = sourcecode.c.objc; path = DragCollectionController.m; sourceTree = "<group>"; };
		F410488221A27CA700D2550E /* UIColor+Util.h */ = {isa = PBXFileReference; lastKnownFileType = sourcecode.c.h; path = "UIColor+Util.h"; sourceTree = "<group>"; };
		F410488321A27CA700D2550E /* UIColor+Util.m */ = {isa = PBXFileReference; lastKnownFileType = sourcecode.c.objc; path = "UIColor+Util.m"; sourceTree = "<group>"; };
		F410488621A289C000D2550E /* ZDAlertUtil.h */ = {isa = PBXFileReference; lastKnownFileType = sourcecode.c.h; path = ZDAlertUtil.h; sourceTree = "<group>"; };
		F410488721A289C000D2550E /* ZDAlertUtil.m */ = {isa = PBXFileReference; lastKnownFileType = sourcecode.c.objc; path = ZDAlertUtil.m; sourceTree = "<group>"; };
		F410CA9C20D0AF92003C045A /* ProductDemo.app */ = {isa = PBXFileReference; explicitFileType = wrapper.application; includeInIndex = 0; path = ProductDemo.app; sourceTree = BUILT_PRODUCTS_DIR; };
		F410CA9F20D0AF92003C045A /* AppDelegate.h */ = {isa = PBXFileReference; lastKnownFileType = sourcecode.c.h; path = AppDelegate.h; sourceTree = "<group>"; };
		F410CAA020D0AF92003C045A /* AppDelegate.m */ = {isa = PBXFileReference; lastKnownFileType = sourcecode.c.objc; path = AppDelegate.m; sourceTree = "<group>"; };
		F410CAA620D0AF92003C045A /* Base */ = {isa = PBXFileReference; lastKnownFileType = file.storyboard; name = Base; path = Base.lproj/Main.storyboard; sourceTree = "<group>"; };
		F410CAA820D0AF95003C045A /* Assets.xcassets */ = {isa = PBXFileReference; lastKnownFileType = folder.assetcatalog; path = Assets.xcassets; sourceTree = "<group>"; };
		F410CAAB20D0AF95003C045A /* Base */ = {isa = PBXFileReference; lastKnownFileType = file.storyboard; name = Base; path = Base.lproj/LaunchScreen.storyboard; sourceTree = "<group>"; };
		F410CAAD20D0AF95003C045A /* Info.plist */ = {isa = PBXFileReference; lastKnownFileType = text.plist.xml; path = Info.plist; sourceTree = "<group>"; };
		F410CAAE20D0AF95003C045A /* main.m */ = {isa = PBXFileReference; lastKnownFileType = sourcecode.c.objc; path = main.m; sourceTree = "<group>"; };
		F410CAB420D0AF95003C045A /* ProductDemoTests.xctest */ = {isa = PBXFileReference; explicitFileType = wrapper.cfbundle; includeInIndex = 0; path = ProductDemoTests.xctest; sourceTree = BUILT_PRODUCTS_DIR; };
		F410CAB820D0AF95003C045A /* ProductDemoTests.m */ = {isa = PBXFileReference; lastKnownFileType = sourcecode.c.objc; path = ProductDemoTests.m; sourceTree = "<group>"; };
		F410CABA20D0AF95003C045A /* Info.plist */ = {isa = PBXFileReference; lastKnownFileType = text.plist.xml; path = Info.plist; sourceTree = "<group>"; };
		F410CABF20D0AF95003C045A /* ProductDemoUITests.xctest */ = {isa = PBXFileReference; explicitFileType = wrapper.cfbundle; includeInIndex = 0; path = ProductDemoUITests.xctest; sourceTree = BUILT_PRODUCTS_DIR; };
		F410CAC320D0AF95003C045A /* ProductDemoUITests.m */ = {isa = PBXFileReference; lastKnownFileType = sourcecode.c.objc; path = ProductDemoUITests.m; sourceTree = "<group>"; };
		F410CAC520D0AF95003C045A /* Info.plist */ = {isa = PBXFileReference; lastKnownFileType = text.plist.xml; path = Info.plist; sourceTree = "<group>"; };
		F410CAD220D0B290003C045A /* IconUtil.m */ = {isa = PBXFileReference; fileEncoding = 4; lastKnownFileType = sourcecode.c.objc; path = IconUtil.m; sourceTree = "<group>"; };
		F410CAD320D0B290003C045A /* IconUtil.h */ = {isa = PBXFileReference; fileEncoding = 4; lastKnownFileType = sourcecode.c.h; path = IconUtil.h; sourceTree = "<group>"; };
		F410CAD920D0C788003C045A /* NSString+Fmt.h */ = {isa = PBXFileReference; lastKnownFileType = sourcecode.c.h; path = "NSString+Fmt.h"; sourceTree = "<group>"; };
		F410CADA20D0C788003C045A /* NSString+Fmt.m */ = {isa = PBXFileReference; lastKnownFileType = sourcecode.c.objc; path = "NSString+Fmt.m"; sourceTree = "<group>"; };
		F410CADC20D0C8C0003C045A /* NSString+JudgeType.h */ = {isa = PBXFileReference; lastKnownFileType = sourcecode.c.h; path = "NSString+JudgeType.h"; sourceTree = "<group>"; };
		F410CADD20D0C8C0003C045A /* NSString+JudgeType.m */ = {isa = PBXFileReference; lastKnownFileType = sourcecode.c.objc; path = "NSString+JudgeType.m"; sourceTree = "<group>"; };
		F410CADF20D0C94E003C045A /* DeviceInfoUtil.h */ = {isa = PBXFileReference; lastKnownFileType = sourcecode.c.h; path = DeviceInfoUtil.h; sourceTree = "<group>"; };
		F410CAE020D0C94E003C045A /* DeviceInfoUtil.m */ = {isa = PBXFileReference; lastKnownFileType = sourcecode.c.objc; path = DeviceInfoUtil.m; sourceTree = "<group>"; };
		F410CAE220D0FA60003C045A /* DemoListViewController.h */ = {isa = PBXFileReference; lastKnownFileType = sourcecode.c.h; path = DemoListViewController.h; sourceTree = "<group>"; };
		F410CAE320D0FA60003C045A /* DemoListViewController.m */ = {isa = PBXFileReference; lastKnownFileType = sourcecode.c.objc; path = DemoListViewController.m; sourceTree = "<group>"; };
		F410CAE420D0FA60003C045A /* DemoListViewController.xib */ = {isa = PBXFileReference; lastKnownFileType = file.xib; path = DemoListViewController.xib; sourceTree = "<group>"; };
		F4225F1F20F5CA1000114095 /* TransitionFirstViewController.h */ = {isa = PBXFileReference; lastKnownFileType = sourcecode.c.h; path = TransitionFirstViewController.h; sourceTree = "<group>"; };
		F4225F2020F5CA1000114095 /* TransitionFirstViewController.m */ = {isa = PBXFileReference; lastKnownFileType = sourcecode.c.objc; path = TransitionFirstViewController.m; sourceTree = "<group>"; };
		F4225F2220F5CA2F00114095 /* TransitionSecondViewController.h */ = {isa = PBXFileReference; lastKnownFileType = sourcecode.c.h; path = TransitionSecondViewController.h; sourceTree = "<group>"; };
		F4225F2320F5CA2F00114095 /* TransitionSecondViewController.m */ = {isa = PBXFileReference; lastKnownFileType = sourcecode.c.objc; path = TransitionSecondViewController.m; sourceTree = "<group>"; };
		F4225F2520F5CAC100114095 /* PresentTransition.h */ = {isa = PBXFileReference; lastKnownFileType = sourcecode.c.h; path = PresentTransition.h; sourceTree = "<group>"; };
		F4225F2620F5CAC100114095 /* PresentTransition.m */ = {isa = PBXFileReference; lastKnownFileType = sourcecode.c.objc; path = PresentTransition.m; sourceTree = "<group>"; };
		F4225F2D20F5DBEF00114095 /* DismissTransition.h */ = {isa = PBXFileReference; lastKnownFileType = sourcecode.c.h; path = DismissTransition.h; sourceTree = "<group>"; };
		F4225F2E20F5DBEF00114095 /* DismissTransition.m */ = {isa = PBXFileReference; lastKnownFileType = sourcecode.c.objc; path = DismissTransition.m; sourceTree = "<group>"; };
		F4225F3020F5E26100114095 /* bg1.png */ = {isa = PBXFileReference; lastKnownFileType = image.png; path = bg1.png; sourceTree = "<group>"; };
		F4225F3220F5E26500114095 /* bg2.png */ = {isa = PBXFileReference; lastKnownFileType = image.png; path = bg2.png; sourceTree = "<group>"; };
		F42875022119185500502406 /* bg4.png */ = {isa = PBXFileReference; lastKnownFileType = image.png; path = bg4.png; sourceTree = "<group>"; };
		F42875032119185600502406 /* bg3.png */ = {isa = PBXFileReference; lastKnownFileType = image.png; path = bg3.png; sourceTree = "<group>"; };
		F428750721191BDC00502406 /* CollectionViewDemoController.h */ = {isa = PBXFileReference; lastKnownFileType = sourcecode.c.h; path = CollectionViewDemoController.h; sourceTree = "<group>"; };
		F428750821191BDC00502406 /* CollectionViewDemoController.m */ = {isa = PBXFileReference; lastKnownFileType = sourcecode.c.objc; path = CollectionViewDemoController.m; sourceTree = "<group>"; };
		F42E2C8821AFB55F00BEAAE8 /* AttributedTextViewController.h */ = {isa = PBXFileReference; lastKnownFileType = sourcecode.c.h; path = AttributedTextViewController.h; sourceTree = "<group>"; };
		F42E2C8921AFB55F00BEAAE8 /* AttributedTextViewController.m */ = {isa = PBXFileReference; lastKnownFileType = sourcecode.c.objc; path = AttributedTextViewController.m; sourceTree = "<group>"; };
		F4341084213F7B100082C13C /* UIImageView+RoundImage.h */ = {isa = PBXFileReference; lastKnownFileType = sourcecode.c.h; path = "UIImageView+RoundImage.h"; sourceTree = "<group>"; };
		F4341085213F7B100082C13C /* UIImageView+RoundImage.m */ = {isa = PBXFileReference; lastKnownFileType = sourcecode.c.objc; path = "UIImageView+RoundImage.m"; sourceTree = "<group>"; };
		F4341087213FA0AC0082C13C /* Singleton.h */ = {isa = PBXFileReference; lastKnownFileType = sourcecode.c.h; path = Singleton.h; sourceTree = "<group>"; };
		F4341088213FA0AC0082C13C /* Singleton.m */ = {isa = PBXFileReference; lastKnownFileType = sourcecode.c.objc; path = Singleton.m; sourceTree = "<group>"; };
		F434108A213FA21A0082C13C /* SingletonViewController.h */ = {isa = PBXFileReference; lastKnownFileType = sourcecode.c.h; path = SingletonViewController.h; sourceTree = "<group>"; };
		F434108B213FA21A0082C13C /* SingletonViewController.m */ = {isa = PBXFileReference; lastKnownFileType = sourcecode.c.objc; path = SingletonViewController.m; sourceTree = "<group>"; };
		F434108E213FB53F0082C13C /* ZDCycleScrollView.h */ = {isa = PBXFileReference; lastKnownFileType = sourcecode.c.h; path = ZDCycleScrollView.h; sourceTree = "<group>"; };
		F434108F213FB53F0082C13C /* ZDCycleScrollView.m */ = {isa = PBXFileReference; lastKnownFileType = sourcecode.c.objc; path = ZDCycleScrollView.m; sourceTree = "<group>"; };
		F4341091213FB5670082C13C /* ZDCycleScrollCell.h */ = {isa = PBXFileReference; lastKnownFileType = sourcecode.c.h; path = ZDCycleScrollCell.h; sourceTree = "<group>"; };
		F4341092213FB5670082C13C /* ZDCycleScrollCell.m */ = {isa = PBXFileReference; lastKnownFileType = sourcecode.c.objc; path = ZDCycleScrollCell.m; sourceTree = "<group>"; };
		F4341094213FB5D50082C13C /* UIView+ZDCategory.h */ = {isa = PBXFileReference; lastKnownFileType = sourcecode.c.h; path = "UIView+ZDCategory.h"; sourceTree = "<group>"; };
		F4341095213FB5D50082C13C /* UIView+ZDCategory.m */ = {isa = PBXFileReference; lastKnownFileType = sourcecode.c.objc; path = "UIView+ZDCategory.m"; sourceTree = "<group>"; };
		F435D88721BF32F30049460D /* CollectionAndTable.h */ = {isa = PBXFileReference; lastKnownFileType = sourcecode.c.h; path = CollectionAndTable.h; sourceTree = "<group>"; };
		F435D88821BF32F30049460D /* CollectionAndTable.m */ = {isa = PBXFileReference; lastKnownFileType = sourcecode.c.objc; path = CollectionAndTable.m; sourceTree = "<group>"; };
		F43ADD5D20D384E0002DD68F /* TestPermissionViewController.h */ = {isa = PBXFileReference; lastKnownFileType = sourcecode.c.h; path = TestPermissionViewController.h; sourceTree = "<group>"; };
		F43ADD5E20D384E0002DD68F /* TestPermissionViewController.m */ = {isa = PBXFileReference; lastKnownFileType = sourcecode.c.objc; path = TestPermissionViewController.m; sourceTree = "<group>"; };
		F43ADD6020D38783002DD68F /* Product.pch */ = {isa = PBXFileReference; lastKnownFileType = sourcecode.c.h; path = Product.pch; sourceTree = "<group>"; };
		F43ADD6120D38875002DD68F /* ZDMacro.h */ = {isa = PBXFileReference; lastKnownFileType = sourcecode.c.h; path = ZDMacro.h; sourceTree = "<group>"; };
		F43D5390214643CA00449C2C /* ZDCircleScrollView_son.m */ = {isa = PBXFileReference; fileEncoding = 4; lastKnownFileType = sourcecode.c.objc; path = ZDCircleScrollView_son.m; sourceTree = "<group>"; };
		F43D5391214643CA00449C2C /* ZDCircleScrollView_son.h */ = {isa = PBXFileReference; fileEncoding = 4; lastKnownFileType = sourcecode.c.h; path = ZDCircleScrollView_son.h; sourceTree = "<group>"; };
		F4ACF6AE2140C81400D1795C /* ZDCircleScrollController.h */ = {isa = PBXFileReference; lastKnownFileType = sourcecode.c.h; path = ZDCircleScrollController.h; sourceTree = "<group>"; };
		F4ACF6AF2140C81400D1795C /* ZDCircleScrollController.m */ = {isa = PBXFileReference; lastKnownFileType = sourcecode.c.objc; path = ZDCircleScrollController.m; sourceTree = "<group>"; };
		F4DBE0E120D238CB00106DC7 /* ZDPermissionManager.h */ = {isa = PBXFileReference; lastKnownFileType = sourcecode.c.h; path = ZDPermissionManager.h; sourceTree = "<group>"; };
		F4DBE0E220D238CB00106DC7 /* ZDPermissionManager.m */ = {isa = PBXFileReference; lastKnownFileType = sourcecode.c.objc; path = ZDPermissionManager.m; sourceTree = "<group>"; };
		F4DBE0E420D238E900106DC7 /* ZDPermissionPhotos.h */ = {isa = PBXFileReference; lastKnownFileType = sourcecode.c.h; path = ZDPermissionPhotos.h; sourceTree = "<group>"; };
		F4DBE0E520D238E900106DC7 /* ZDPermissionPhotos.m */ = {isa = PBXFileReference; lastKnownFileType = sourcecode.c.objc; path = ZDPermissionPhotos.m; sourceTree = "<group>"; };
		F4DBE0E720D23CA400106DC7 /* ZDPermissionCamera.h */ = {isa = PBXFileReference; lastKnownFileType = sourcecode.c.h; path = ZDPermissionCamera.h; sourceTree = "<group>"; };
		F4DBE0E820D23CA400106DC7 /* ZDPermissionCamera.m */ = {isa = PBXFileReference; lastKnownFileType = sourcecode.c.objc; path = ZDPermissionCamera.m; sourceTree = "<group>"; };
		F4DBE0ED20D2425C00106DC7 /* ZDPermissionContacts.h */ = {isa = PBXFileReference; lastKnownFileType = sourcecode.c.h; path = ZDPermissionContacts.h; sourceTree = "<group>"; };
		F4DBE0EE20D2425C00106DC7 /* ZDPermissionContacts.m */ = {isa = PBXFileReference; lastKnownFileType = sourcecode.c.objc; path = ZDPermissionContacts.m; sourceTree = "<group>"; };
		F4DBE0F020D246E100106DC7 /* ZDPermissionMicrophone.h */ = {isa = PBXFileReference; lastKnownFileType = sourcecode.c.h; path = ZDPermissionMicrophone.h; sourceTree = "<group>"; };
		F4DBE0F120D246E100106DC7 /* ZDPermissionMicrophone.m */ = {isa = PBXFileReference; lastKnownFileType = sourcecode.c.objc; path = ZDPermissionMicrophone.m; sourceTree = "<group>"; };
		F4DBE10220D24D8C00106DC7 /* ZDPermissionCalendar.h */ = {isa = PBXFileReference; lastKnownFileType = sourcecode.c.h; path = ZDPermissionCalendar.h; sourceTree = "<group>"; };
		F4DBE10320D24D8C00106DC7 /* ZDPermissionCalendar.m */ = {isa = PBXFileReference; lastKnownFileType = sourcecode.c.objc; path = ZDPermissionCalendar.m; sourceTree = "<group>"; };
		F4DBE10520D24E4000106DC7 /* ZDPermissionNet.h */ = {isa = PBXFileReference; lastKnownFileType = sourcecode.c.h; path = ZDPermissionNet.h; sourceTree = "<group>"; };
		F4DBE10620D24E4000106DC7 /* ZDPermissionNet.m */ = {isa = PBXFileReference; lastKnownFileType = sourcecode.c.objc; path = ZDPermissionNet.m; sourceTree = "<group>"; };
		F4DBE10820D255CF00106DC7 /* ZDPermissionHealth.h */ = {isa = PBXFileReference; lastKnownFileType = sourcecode.c.h; path = ZDPermissionHealth.h; sourceTree = "<group>"; };
		F4DBE10920D255CF00106DC7 /* ZDPermissionHealth.m */ = {isa = PBXFileReference; lastKnownFileType = sourcecode.c.objc; path = ZDPermissionHealth.m; sourceTree = "<group>"; };
		F4DBE10B20D256D500106DC7 /* ZDPermissionLocation.h */ = {isa = PBXFileReference; lastKnownFileType = sourcecode.c.h; path = ZDPermissionLocation.h; sourceTree = "<group>"; };
		F4DBE10C20D256D500106DC7 /* ZDPermissionLocation.m */ = {isa = PBXFileReference; lastKnownFileType = sourcecode.c.objc; path = ZDPermissionLocation.m; sourceTree = "<group>"; };
		F4DBE10E20D2593900106DC7 /* ZDPermissionReminders.h */ = {isa = PBXFileReference; lastKnownFileType = sourcecode.c.h; path = ZDPermissionReminders.h; sourceTree = "<group>"; };
		F4DBE10F20D2593900106DC7 /* ZDPermissionReminders.m */ = {isa = PBXFileReference; lastKnownFileType = sourcecode.c.objc; path = ZDPermissionReminders.m; sourceTree = "<group>"; };
		F4ED52022119705800ADDC04 /* ZDCollectionViewCell.h */ = {isa = PBXFileReference; lastKnownFileType = sourcecode.c.h; path = ZDCollectionViewCell.h; sourceTree = "<group>"; };
		F4ED52032119705800ADDC04 /* ZDCollectionViewCell.m */ = {isa = PBXFileReference; lastKnownFileType = sourcecode.c.objc; path = ZDCollectionViewCell.m; sourceTree = "<group>"; };
/* End PBXFileReference section */

/* Begin PBXFrameworksBuildPhase section */
		F410CA9920D0AF92003C045A /* Frameworks */ = {
			isa = PBXFrameworksBuildPhase;
			buildActionMask = 2147483647;
			files = (
				86B394A471ED7A17D0ECCBBC /* Pods_ProductDemo.framework in Frameworks */,
			);
			runOnlyForDeploymentPostprocessing = 0;
		};
		F410CAB120D0AF95003C045A /* Frameworks */ = {
			isa = PBXFrameworksBuildPhase;
			buildActionMask = 2147483647;
			files = (
			);
			runOnlyForDeploymentPostprocessing = 0;
		};
		F410CABC20D0AF95003C045A /* Frameworks */ = {
			isa = PBXFrameworksBuildPhase;
			buildActionMask = 2147483647;
			files = (
			);
			runOnlyForDeploymentPostprocessing = 0;
		};
/* End PBXFrameworksBuildPhase section */

/* Begin PBXGroup section */
		2E0DF6762314D24A006C714E /* Assets */ = {
			isa = PBXGroup;
			children = (
				2E0DF6772314D25C006C714E /* Font */,
			);
			path = Assets;
			sourceTree = "<group>";
		};
		2E0DF6772314D25C006C714E /* Font */ = {
			isa = PBXGroup;
			children = (
				2E0DF6782314D26A006C714E /* EMIcon(1).ttf */,
				2E0DF67A2314D287006C714E /* EMIcon.ttf */,
			);
			path = Font;
			sourceTree = "<group>";
		};
		B7EADFAECE87E256A8E3EEEC /* Pods */ = {
			isa = PBXGroup;
			children = (
				E6F20B51FD082465E4A14D38 /* Pods-ProductDemo.debug.xcconfig */,
				C607F5E80749F71F436CBDDD /* Pods-ProductDemo.release.xcconfig */,
			);
			name = Pods;
			sourceTree = "<group>";
		};
		EB553BAF83D1F8B528074977 /* Frameworks */ = {
			isa = PBXGroup;
			children = (
				55F2AD34BE73509EFACBCCD5 /* Pods_ProductDemo.framework */,
			);
			name = Frameworks;
			sourceTree = "<group>";
		};
		F410488521A2898B00D2550E /* UIControlUtil */ = {
			isa = PBXGroup;
			children = (
				F410488621A289C000D2550E /* ZDAlertUtil.h */,
				F410488721A289C000D2550E /* ZDAlertUtil.m */,
			);
			path = UIControlUtil;
			sourceTree = "<group>";
		};
		F410CA9320D0AF92003C045A = {
			isa = PBXGroup;
			children = (
				F410CA9E20D0AF92003C045A /* ProductDemo */,
				F410CAB720D0AF95003C045A /* ProductDemoTests */,
				F410CAC220D0AF95003C045A /* ProductDemoUITests */,
				F410CA9D20D0AF92003C045A /* Products */,
				B7EADFAECE87E256A8E3EEEC /* Pods */,
				EB553BAF83D1F8B528074977 /* Frameworks */,
			);
			sourceTree = "<group>";
		};
		F410CA9D20D0AF92003C045A /* Products */ = {
			isa = PBXGroup;
			children = (
				F410CA9C20D0AF92003C045A /* ProductDemo.app */,
				F410CAB420D0AF95003C045A /* ProductDemoTests.xctest */,
				F410CABF20D0AF95003C045A /* ProductDemoUITests.xctest */,
			);
			name = Products;
			sourceTree = "<group>";
		};
		F410CA9E20D0AF92003C045A /* ProductDemo */ = {
			isa = PBXGroup;
			children = (
				2E0DF6762314D24A006C714E /* Assets */,
				F410488521A2898B00D2550E /* UIControlUtil */,
				F410CAD520D0B569003C045A /* Category */,
				F410CAD120D0B27C003C045A /* Tools */,
				F43ADD5C20D384AC002DD68F /* DemoViewController */,
				F410CAE220D0FA60003C045A /* DemoListViewController.h */,
				F410CAE320D0FA60003C045A /* DemoListViewController.m */,
				F410CAE420D0FA60003C045A /* DemoListViewController.xib */,
				F410CA9F20D0AF92003C045A /* AppDelegate.h */,
				F410CAA020D0AF92003C045A /* AppDelegate.m */,
				F43ADD6020D38783002DD68F /* Product.pch */,
				F410CAA520D0AF92003C045A /* Main.storyboard */,
				F4225F2820F5D37700114095 /* Images */,
				F410CAA820D0AF95003C045A /* Assets.xcassets */,
				F410CAAA20D0AF95003C045A /* LaunchScreen.storyboard */,
				F410CAAD20D0AF95003C045A /* Info.plist */,
				F410CAAE20D0AF95003C045A /* main.m */,
			);
			path = ProductDemo;
			sourceTree = "<group>";
		};
		F410CAB720D0AF95003C045A /* ProductDemoTests */ = {
			isa = PBXGroup;
			children = (
				F410CAB820D0AF95003C045A /* ProductDemoTests.m */,
				F410CABA20D0AF95003C045A /* Info.plist */,
			);
			path = ProductDemoTests;
			sourceTree = "<group>";
		};
		F410CAC220D0AF95003C045A /* ProductDemoUITests */ = {
			isa = PBXGroup;
			children = (
				F410CAC320D0AF95003C045A /* ProductDemoUITests.m */,
				F410CAC520D0AF95003C045A /* Info.plist */,
			);
			path = ProductDemoUITests;
			sourceTree = "<group>";
		};
		F410CAD120D0B27C003C045A /* Tools */ = {
			isa = PBXGroup;
			children = (
				F4DBE0E020D2389800106DC7 /* ZDPermissions */,
				F410CAD320D0B290003C045A /* IconUtil.h */,
				F410CAD220D0B290003C045A /* IconUtil.m */,
				F410CADF20D0C94E003C045A /* DeviceInfoUtil.h */,
				F410CAE020D0C94E003C045A /* DeviceInfoUtil.m */,
				F43ADD6120D38875002DD68F /* ZDMacro.h */,
				F4341084213F7B100082C13C /* UIImageView+RoundImage.h */,
				F4341085213F7B100082C13C /* UIImageView+RoundImage.m */,
				F4341087213FA0AC0082C13C /* Singleton.h */,
				F4341088213FA0AC0082C13C /* Singleton.m */,
				F410488221A27CA700D2550E /* UIColor+Util.h */,
				F410488321A27CA700D2550E /* UIColor+Util.m */,
				2ECE5A26225CCB720016233D /* FMDBUtil.h */,
				2ECE5A27225CCB720016233D /* FMDBUtil.m */,
			);
			path = Tools;
			sourceTree = "<group>";
		};
		F410CAD520D0B569003C045A /* Category */ = {
			isa = PBXGroup;
			children = (
				F4341094213FB5D50082C13C /* UIView+ZDCategory.h */,
				F4341095213FB5D50082C13C /* UIView+ZDCategory.m */,
				F410CAD920D0C788003C045A /* NSString+Fmt.h */,
				F410CADA20D0C788003C045A /* NSString+Fmt.m */,
				F410CADC20D0C8C0003C045A /* NSString+JudgeType.h */,
				F410CADD20D0C8C0003C045A /* NSString+JudgeType.m */,
			);
			path = Category;
			sourceTree = "<group>";
		};
		F4225F1E20F5C9A800114095 /* Custom transition */ = {
			isa = PBXGroup;
			children = (
				F4225F2520F5CAC100114095 /* PresentTransition.h */,
				F4225F2620F5CAC100114095 /* PresentTransition.m */,
				F4225F2D20F5DBEF00114095 /* DismissTransition.h */,
				F4225F2E20F5DBEF00114095 /* DismissTransition.m */,
				F4225F1F20F5CA1000114095 /* TransitionFirstViewController.h */,
				F4225F2020F5CA1000114095 /* TransitionFirstViewController.m */,
				F4225F2220F5CA2F00114095 /* TransitionSecondViewController.h */,
				F4225F2320F5CA2F00114095 /* TransitionSecondViewController.m */,
			);
			path = "Custom transition";
			sourceTree = "<group>";
		};
		F4225F2820F5D37700114095 /* Images */ = {
			isa = PBXGroup;
			children = (
				F42875032119185600502406 /* bg3.png */,
				F42875022119185500502406 /* bg4.png */,
				F4225F3020F5E26100114095 /* bg1.png */,
				F4225F3220F5E26500114095 /* bg2.png */,
			);
			path = Images;
			sourceTree = "<group>";
		};
		F434108D213FB4F00082C13C /* ZDCycleScrollView */ = {
			isa = PBXGroup;
			children = (
				F434108E213FB53F0082C13C /* ZDCycleScrollView.h */,
				F434108F213FB53F0082C13C /* ZDCycleScrollView.m */,
				F4341091213FB5670082C13C /* ZDCycleScrollCell.h */,
				F4341092213FB5670082C13C /* ZDCycleScrollCell.m */,
				F43D5391214643CA00449C2C /* ZDCircleScrollView_son.h */,
				F43D5390214643CA00449C2C /* ZDCircleScrollView_son.m */,
			);
			path = ZDCycleScrollView;
			sourceTree = "<group>";
		};
		F43ADD5C20D384AC002DD68F /* DemoViewController */ = {
			isa = PBXGroup;
			children = (
				2ECE5A29225CCBA90016233D /* FMDBDemoController.h */,
				2ECE5A2A225CCBA90016233D /* FMDBDemoController.m */,
				F434108D213FB4F00082C13C /* ZDCycleScrollView */,
				F4ACF6AE2140C81400D1795C /* ZDCircleScrollController.h */,
				F4ACF6AF2140C81400D1795C /* ZDCircleScrollController.m */,
				F4ED52002119701600ADDC04 /* CollectionViewAndEdit */,
				F4225F1E20F5C9A800114095 /* Custom transition */,
				F43ADD5D20D384E0002DD68F /* TestPermissionViewController.h */,
				F43ADD5E20D384E0002DD68F /* TestPermissionViewController.m */,
				F405194F2134F7CB00310191 /* RoundedImageController.h */,
				F40519502134F7CB00310191 /* RoundedImageController.m */,
				F40519512134F7CB00310191 /* RoundedImageController.xib */,
				F434108A213FA21A0082C13C /* SingletonViewController.h */,
				F434108B213FA21A0082C13C /* SingletonViewController.m */,
				F42E2C8821AFB55F00BEAAE8 /* AttributedTextViewController.h */,
				F42E2C8921AFB55F00BEAAE8 /* AttributedTextViewController.m */,
				F435D88721BF32F30049460D /* CollectionAndTable.h */,
				F435D88821BF32F30049460D /* CollectionAndTable.m */,
				2E51966A224248BC00D0236B /* LayoutTestController.h */,
				2E51966B224248BC00D0236B /* LayoutTestController.m */,
				2EADFD3622D46616004011F5 /* LayoutCellTest.h */,
				2EADFD3722D46616004011F5 /* LayoutCellTest.m */,
				2EADFD3822D46616004011F5 /* LayoutCellTest.xib */,
				2E0652E3225C20BA005BFF54 /* FileOperateController.h */,
				2E0652E4225C20BA005BFF54 /* FileOperateController.m */,
				2E0DF67C2314D4E7006C714E /* FontTestViewController.h */,
				2E0DF67D2314D4E7006C714E /* FontTestViewController.m */,
			);
			path = DemoViewController;
			sourceTree = "<group>";
		};
		F4DBE0E020D2389800106DC7 /* ZDPermissions */ = {
			isa = PBXGroup;
			children = (
				F4DBE0E120D238CB00106DC7 /* ZDPermissionManager.h */,
				F4DBE0E220D238CB00106DC7 /* ZDPermissionManager.m */,
				F4DBE0E420D238E900106DC7 /* ZDPermissionPhotos.h */,
				F4DBE0E520D238E900106DC7 /* ZDPermissionPhotos.m */,
				F4DBE0E720D23CA400106DC7 /* ZDPermissionCamera.h */,
				F4DBE0E820D23CA400106DC7 /* ZDPermissionCamera.m */,
				F4DBE0F020D246E100106DC7 /* ZDPermissionMicrophone.h */,
				F4DBE0F120D246E100106DC7 /* ZDPermissionMicrophone.m */,
				F4DBE0ED20D2425C00106DC7 /* ZDPermissionContacts.h */,
				F4DBE0EE20D2425C00106DC7 /* ZDPermissionContacts.m */,
				F4DBE10220D24D8C00106DC7 /* ZDPermissionCalendar.h */,
				F4DBE10320D24D8C00106DC7 /* ZDPermissionCalendar.m */,
				F4DBE10520D24E4000106DC7 /* ZDPermissionNet.h */,
				F4DBE10620D24E4000106DC7 /* ZDPermissionNet.m */,
				F4DBE10820D255CF00106DC7 /* ZDPermissionHealth.h */,
				F4DBE10920D255CF00106DC7 /* ZDPermissionHealth.m */,
				F4DBE10B20D256D500106DC7 /* ZDPermissionLocation.h */,
				F4DBE10C20D256D500106DC7 /* ZDPermissionLocation.m */,
				F4DBE10E20D2593900106DC7 /* ZDPermissionReminders.h */,
				F4DBE10F20D2593900106DC7 /* ZDPermissionReminders.m */,
			);
			path = ZDPermissions;
			sourceTree = "<group>";
		};
		F4ED52002119701600ADDC04 /* CollectionViewAndEdit */ = {
			isa = PBXGroup;
			children = (
				F4ED52012119703200ADDC04 /* cells */,
				F428750721191BDC00502406 /* CollectionViewDemoController.h */,
				F428750821191BDC00502406 /* CollectionViewDemoController.m */,
				F4067A8F21C1CFC000EDD9E4 /* DragCollectionController.h */,
				F4067A9021C1CFC000EDD9E4 /* DragCollectionController.m */,
			);
			path = CollectionViewAndEdit;
			sourceTree = "<group>";
		};
		F4ED52012119703200ADDC04 /* cells */ = {
			isa = PBXGroup;
			children = (
				F4ED52022119705800ADDC04 /* ZDCollectionViewCell.h */,
				F4ED52032119705800ADDC04 /* ZDCollectionViewCell.m */,
			);
			path = cells;
			sourceTree = "<group>";
		};
/* End PBXGroup section */

/* Begin PBXNativeTarget section */
		F410CA9B20D0AF92003C045A /* ProductDemo */ = {
			isa = PBXNativeTarget;
			buildConfigurationList = F410CAC820D0AF95003C045A /* Build configuration list for PBXNativeTarget "ProductDemo" */;
			buildPhases = (
				6795C240D527274760A6A516 /* [CP] Check Pods Manifest.lock */,
				F410CA9820D0AF92003C045A /* Sources */,
				F410CA9920D0AF92003C045A /* Frameworks */,
				F410CA9A20D0AF92003C045A /* Resources */,
				D4964A328B315EB9897DC671 /* [CP] Embed Pods Frameworks */,
			);
			buildRules = (
			);
			dependencies = (
			);
			name = ProductDemo;
			productName = ProductDemo;
			productReference = F410CA9C20D0AF92003C045A /* ProductDemo.app */;
			productType = "com.apple.product-type.application";
		};
		F410CAB320D0AF95003C045A /* ProductDemoTests */ = {
			isa = PBXNativeTarget;
			buildConfigurationList = F410CACB20D0AF95003C045A /* Build configuration list for PBXNativeTarget "ProductDemoTests" */;
			buildPhases = (
				F410CAB020D0AF95003C045A /* Sources */,
				F410CAB120D0AF95003C045A /* Frameworks */,
				F410CAB220D0AF95003C045A /* Resources */,
			);
			buildRules = (
			);
			dependencies = (
				F410CAB620D0AF95003C045A /* PBXTargetDependency */,
			);
			name = ProductDemoTests;
			productName = ProductDemoTests;
			productReference = F410CAB420D0AF95003C045A /* ProductDemoTests.xctest */;
			productType = "com.apple.product-type.bundle.unit-test";
		};
		F410CABE20D0AF95003C045A /* ProductDemoUITests */ = {
			isa = PBXNativeTarget;
			buildConfigurationList = F410CACE20D0AF95003C045A /* Build configuration list for PBXNativeTarget "ProductDemoUITests" */;
			buildPhases = (
				F410CABB20D0AF95003C045A /* Sources */,
				F410CABC20D0AF95003C045A /* Frameworks */,
				F410CABD20D0AF95003C045A /* Resources */,
			);
			buildRules = (
			);
			dependencies = (
				F410CAC120D0AF95003C045A /* PBXTargetDependency */,
			);
			name = ProductDemoUITests;
			productName = ProductDemoUITests;
			productReference = F410CABF20D0AF95003C045A /* ProductDemoUITests.xctest */;
			productType = "com.apple.product-type.bundle.ui-testing";
		};
/* End PBXNativeTarget section */

/* Begin PBXProject section */
		F410CA9420D0AF92003C045A /* Project object */ = {
			isa = PBXProject;
			attributes = {
				LastUpgradeCheck = 0940;
				ORGANIZATIONNAME = qizd;
				TargetAttributes = {
					F410CA9B20D0AF92003C045A = {
						CreatedOnToolsVersion = 9.4;
					};
					F410CAB320D0AF95003C045A = {
						CreatedOnToolsVersion = 9.4;
						TestTargetID = F410CA9B20D0AF92003C045A;
					};
					F410CABE20D0AF95003C045A = {
						CreatedOnToolsVersion = 9.4;
						TestTargetID = F410CA9B20D0AF92003C045A;
					};
				};
			};
			buildConfigurationList = F410CA9720D0AF92003C045A /* Build configuration list for PBXProject "ProductDemo" */;
			compatibilityVersion = "Xcode 9.3";
			developmentRegion = en;
			hasScannedForEncodings = 0;
			knownRegions = (
				en,
				Base,
			);
			mainGroup = F410CA9320D0AF92003C045A;
			productRefGroup = F410CA9D20D0AF92003C045A /* Products */;
			projectDirPath = "";
			projectRoot = "";
			targets = (
				F410CA9B20D0AF92003C045A /* ProductDemo */,
				F410CAB320D0AF95003C045A /* ProductDemoTests */,
				F410CABE20D0AF95003C045A /* ProductDemoUITests */,
			);
		};
/* End PBXProject section */

/* Begin PBXResourcesBuildPhase section */
		F410CA9A20D0AF92003C045A /* Resources */ = {
			isa = PBXResourcesBuildPhase;
			buildActionMask = 2147483647;
			files = (
				F410CAAC20D0AF95003C045A /* LaunchScreen.storyboard in Resources */,
				2E0DF67B2314D287006C714E /* EMIcon.ttf in Resources */,
				F40519532134F7CB00310191 /* RoundedImageController.xib in Resources */,
				F42875042119185600502406 /* bg4.png in Resources */,
				F410CAA920D0AF95003C045A /* Assets.xcassets in Resources */,
				F410CAA720D0AF92003C045A /* Main.storyboard in Resources */,
				F4225F3320F5E26500114095 /* bg2.png in Resources */,
				2E0DF6792314D26A006C714E /* EMIcon(1).ttf in Resources */,
				F410CAE620D0FA60003C045A /* DemoListViewController.xib in Resources */,
				2EADFD3A22D46616004011F5 /* LayoutCellTest.xib in Resources */,
				F42875052119185600502406 /* bg3.png in Resources */,
				F4225F3120F5E26100114095 /* bg1.png in Resources */,
			);
			runOnlyForDeploymentPostprocessing = 0;
		};
		F410CAB220D0AF95003C045A /* Resources */ = {
			isa = PBXResourcesBuildPhase;
			buildActionMask = 2147483647;
			files = (
			);
			runOnlyForDeploymentPostprocessing = 0;
		};
		F410CABD20D0AF95003C045A /* Resources */ = {
			isa = PBXResourcesBuildPhase;
			buildActionMask = 2147483647;
			files = (
			);
			runOnlyForDeploymentPostprocessing = 0;
		};
/* End PBXResourcesBuildPhase section */

/* Begin PBXShellScriptBuildPhase section */
		6795C240D527274760A6A516 /* [CP] Check Pods Manifest.lock */ = {
			isa = PBXShellScriptBuildPhase;
			buildActionMask = 2147483647;
			files = (
			);
			inputPaths = (
				"${PODS_PODFILE_DIR_PATH}/Podfile.lock",
				"${PODS_ROOT}/Manifest.lock",
			);
			name = "[CP] Check Pods Manifest.lock";
			outputPaths = (
				"$(DERIVED_FILE_DIR)/Pods-ProductDemo-checkManifestLockResult.txt",
			);
			runOnlyForDeploymentPostprocessing = 0;
			shellPath = /bin/sh;
			shellScript = "diff \"${PODS_PODFILE_DIR_PATH}/Podfile.lock\" \"${PODS_ROOT}/Manifest.lock\" > /dev/null\nif [ $? != 0 ] ; then\n    # print error to STDERR\n    echo \"error: The sandbox is not in sync with the Podfile.lock. Run 'pod install' or update your CocoaPods installation.\" >&2\n    exit 1\nfi\n# This output is used by Xcode 'outputs' to avoid re-running this script phase.\necho \"SUCCESS\" > \"${SCRIPT_OUTPUT_FILE_0}\"\n";
			showEnvVarsInLog = 0;
		};
		D4964A328B315EB9897DC671 /* [CP] Embed Pods Frameworks */ = {
			isa = PBXShellScriptBuildPhase;
			buildActionMask = 2147483647;
			files = (
			);
			inputPaths = (
				"${PODS_ROOT}/Target Support Files/Pods-ProductDemo/Pods-ProductDemo-frameworks.sh",
				"${BUILT_PRODUCTS_DIR}/AFNetworking/AFNetworking.framework",
				"${BUILT_PRODUCTS_DIR}/FMDB/FMDB.framework",
				"${BUILT_PRODUCTS_DIR}/Masonry/Masonry.framework",
			);
			name = "[CP] Embed Pods Frameworks";
			outputPaths = (
				"${TARGET_BUILD_DIR}/${FRAMEWORKS_FOLDER_PATH}/AFNetworking.framework",
				"${TARGET_BUILD_DIR}/${FRAMEWORKS_FOLDER_PATH}/FMDB.framework",
				"${TARGET_BUILD_DIR}/${FRAMEWORKS_FOLDER_PATH}/Masonry.framework",
			);
			runOnlyForDeploymentPostprocessing = 0;
			shellPath = /bin/sh;
			shellScript = "\"${PODS_ROOT}/Target Support Files/Pods-ProductDemo/Pods-ProductDemo-frameworks.sh\"\n";
			showEnvVarsInLog = 0;
		};
/* End PBXShellScriptBuildPhase section */

/* Begin PBXSourcesBuildPhase section */
		F410CA9820D0AF92003C045A /* Sources */ = {
			isa = PBXSourcesBuildPhase;
			buildActionMask = 2147483647;
			files = (
				F4DBE0F220D246E100106DC7 /* ZDPermissionMicrophone.m in Sources */,
				F410488421A27CA700D2550E /* UIColor+Util.m in Sources */,
				F410CAD420D0B290003C045A /* IconUtil.m in Sources */,
				F434108C213FA21A0082C13C /* SingletonViewController.m in Sources */,
				F435D88921BF32F30049460D /* CollectionAndTable.m in Sources */,
				F4225F2120F5CA1000114095 /* TransitionFirstViewController.m in Sources */,
				F4DBE10A20D255CF00106DC7 /* ZDPermissionHealth.m in Sources */,
				F43ADD5F20D384E0002DD68F /* TestPermissionViewController.m in Sources */,
				2E51966C224248BC00D0236B /* LayoutTestController.m in Sources */,
				F4225F2F20F5DBEF00114095 /* DismissTransition.m in Sources */,
				F410CAE120D0C94E003C045A /* DeviceInfoUtil.m in Sources */,
				F42E2C8A21AFB55F00BEAAE8 /* AttributedTextViewController.m in Sources */,
				2ECE5A2B225CCBA90016233D /* FMDBDemoController.m in Sources */,
				F4225F2420F5CA2F00114095 /* TransitionSecondViewController.m in Sources */,
				F410CAE520D0FA60003C045A /* DemoListViewController.m in Sources */,
				2E0652E5225C20BA005BFF54 /* FileOperateController.m in Sources */,
				F4DBE0EF20D2425C00106DC7 /* ZDPermissionContacts.m in Sources */,
				F410CADB20D0C788003C045A /* NSString+Fmt.m in Sources */,
				F4067A9121C1CFC000EDD9E4 /* DragCollectionController.m in Sources */,
				F4341096213FB5D50082C13C /* UIView+ZDCategory.m in Sources */,
				F4DBE0E620D238E900106DC7 /* ZDPermissionPhotos.m in Sources */,
				F410CAAF20D0AF95003C045A /* main.m in Sources */,
				F40519522134F7CB00310191 /* RoundedImageController.m in Sources */,
				F4DBE0E920D23CA400106DC7 /* ZDPermissionCamera.m in Sources */,
				F4341089213FA0AC0082C13C /* Singleton.m in Sources */,
				2EADFD3922D46616004011F5 /* LayoutCellTest.m in Sources */,
				F4ED52042119705800ADDC04 /* ZDCollectionViewCell.m in Sources */,
				F4DBE10D20D256D500106DC7 /* ZDPermissionLocation.m in Sources */,
				F4341093213FB5670082C13C /* ZDCycleScrollCell.m in Sources */,
				F4DBE10420D24D8C00106DC7 /* ZDPermissionCalendar.m in Sources */,
				F410CAA120D0AF92003C045A /* AppDelegate.m in Sources */,
				F428750921191BDC00502406 /* CollectionViewDemoController.m in Sources */,
				F4ACF6B02140C81400D1795C /* ZDCircleScrollController.m in Sources */,
				2E0DF67E2314D4E7006C714E /* FontTestViewController.m in Sources */,
				F43D5392214643CB00449C2C /* ZDCircleScrollView_son.m in Sources */,
				F410CADE20D0C8C0003C045A /* NSString+JudgeType.m in Sources */,
				F4341086213F7B100082C13C /* UIImageView+RoundImage.m in Sources */,
				F4DBE0E320D238CB00106DC7 /* ZDPermissionManager.m in Sources */,
				F4DBE10720D24E4000106DC7 /* ZDPermissionNet.m in Sources */,
				F4225F2720F5CAC100114095 /* PresentTransition.m in Sources */,
				2ECE5A28225CCB720016233D /* FMDBUtil.m in Sources */,
				F410488821A289C000D2550E /* ZDAlertUtil.m in Sources */,
				F4341090213FB53F0082C13C /* ZDCycleScrollView.m in Sources */,
				F4DBE11020D2593900106DC7 /* ZDPermissionReminders.m in Sources */,
			);
			runOnlyForDeploymentPostprocessing = 0;
		};
		F410CAB020D0AF95003C045A /* Sources */ = {
			isa = PBXSourcesBuildPhase;
			buildActionMask = 2147483647;
			files = (
				F410CAB920D0AF95003C045A /* ProductDemoTests.m in Sources */,
			);
			runOnlyForDeploymentPostprocessing = 0;
		};
		F410CABB20D0AF95003C045A /* Sources */ = {
			isa = PBXSourcesBuildPhase;
			buildActionMask = 2147483647;
			files = (
				F410CAC420D0AF95003C045A /* ProductDemoUITests.m in Sources */,
			);
			runOnlyForDeploymentPostprocessing = 0;
		};
/* End PBXSourcesBuildPhase section */

/* Begin PBXTargetDependency section */
		F410CAB620D0AF95003C045A /* PBXTargetDependency */ = {
			isa = PBXTargetDependency;
			target = F410CA9B20D0AF92003C045A /* ProductDemo */;
			targetProxy = F410CAB520D0AF95003C045A /* PBXContainerItemProxy */;
		};
		F410CAC120D0AF95003C045A /* PBXTargetDependency */ = {
			isa = PBXTargetDependency;
			target = F410CA9B20D0AF92003C045A /* ProductDemo */;
			targetProxy = F410CAC020D0AF95003C045A /* PBXContainerItemProxy */;
		};
/* End PBXTargetDependency section */

/* Begin PBXVariantGroup section */
		F410CAA520D0AF92003C045A /* Main.storyboard */ = {
			isa = PBXVariantGroup;
			children = (
				F410CAA620D0AF92003C045A /* Base */,
			);
			name = Main.storyboard;
			sourceTree = "<group>";
		};
		F410CAAA20D0AF95003C045A /* LaunchScreen.storyboard */ = {
			isa = PBXVariantGroup;
			children = (
				F410CAAB20D0AF95003C045A /* Base */,
			);
			name = LaunchScreen.storyboard;
			sourceTree = "<group>";
		};
/* End PBXVariantGroup section */

/* Begin XCBuildConfiguration section */
		F410CAC620D0AF95003C045A /* Debug */ = {
			isa = XCBuildConfiguration;
			buildSettings = {
				ALWAYS_SEARCH_USER_PATHS = NO;
				CLANG_ANALYZER_NONNULL = YES;
				CLANG_ANALYZER_NUMBER_OBJECT_CONVERSION = YES_AGGRESSIVE;
				CLANG_CXX_LANGUAGE_STANDARD = "gnu++14";
				CLANG_CXX_LIBRARY = "libc++";
				CLANG_ENABLE_MODULES = YES;
				CLANG_ENABLE_OBJC_ARC = YES;
				CLANG_ENABLE_OBJC_WEAK = YES;
				CLANG_WARN_BLOCK_CAPTURE_AUTORELEASING = YES;
				CLANG_WARN_BOOL_CONVERSION = YES;
				CLANG_WARN_COMMA = YES;
				CLANG_WARN_CONSTANT_CONVERSION = YES;
				CLANG_WARN_DEPRECATED_OBJC_IMPLEMENTATIONS = YES;
				CLANG_WARN_DIRECT_OBJC_ISA_USAGE = YES_ERROR;
				CLANG_WARN_DOCUMENTATION_COMMENTS = YES;
				CLANG_WARN_EMPTY_BODY = YES;
				CLANG_WARN_ENUM_CONVERSION = YES;
				CLANG_WARN_INFINITE_RECURSION = YES;
				CLANG_WARN_INT_CONVERSION = YES;
				CLANG_WARN_NON_LITERAL_NULL_CONVERSION = YES;
				CLANG_WARN_OBJC_IMPLICIT_RETAIN_SELF = YES;
				CLANG_WARN_OBJC_LITERAL_CONVERSION = YES;
				CLANG_WARN_OBJC_ROOT_CLASS = YES_ERROR;
				CLANG_WARN_RANGE_LOOP_ANALYSIS = YES;
				CLANG_WARN_STRICT_PROTOTYPES = YES;
				CLANG_WARN_SUSPICIOUS_MOVE = YES;
				CLANG_WARN_UNGUARDED_AVAILABILITY = YES_AGGRESSIVE;
				CLANG_WARN_UNREACHABLE_CODE = YES;
				CLANG_WARN__DUPLICATE_METHOD_MATCH = YES;
				CODE_SIGN_IDENTITY = "iPhone Developer";
				COPY_PHASE_STRIP = NO;
				DEBUG_INFORMATION_FORMAT = dwarf;
				ENABLE_STRICT_OBJC_MSGSEND = YES;
				ENABLE_TESTABILITY = YES;
				GCC_C_LANGUAGE_STANDARD = gnu11;
				GCC_DYNAMIC_NO_PIC = NO;
				GCC_NO_COMMON_BLOCKS = YES;
				GCC_OPTIMIZATION_LEVEL = 0;
				GCC_PREPROCESSOR_DEFINITIONS = (
					"DEBUG=1",
					"$(inherited)",
				);
				GCC_WARN_64_TO_32_BIT_CONVERSION = YES;
				GCC_WARN_ABOUT_RETURN_TYPE = YES_ERROR;
				GCC_WARN_UNDECLARED_SELECTOR = YES;
				GCC_WARN_UNINITIALIZED_AUTOS = YES_AGGRESSIVE;
				GCC_WARN_UNUSED_FUNCTION = YES;
				GCC_WARN_UNUSED_VARIABLE = YES;
				IPHONEOS_DEPLOYMENT_TARGET = 11.4;
				MTL_ENABLE_DEBUG_INFO = YES;
				ONLY_ACTIVE_ARCH = YES;
				SDKROOT = iphoneos;
			};
			name = Debug;
		};
		F410CAC720D0AF95003C045A /* Release */ = {
			isa = XCBuildConfiguration;
			buildSettings = {
				ALWAYS_SEARCH_USER_PATHS = NO;
				CLANG_ANALYZER_NONNULL = YES;
				CLANG_ANALYZER_NUMBER_OBJECT_CONVERSION = YES_AGGRESSIVE;
				CLANG_CXX_LANGUAGE_STANDARD = "gnu++14";
				CLANG_CXX_LIBRARY = "libc++";
				CLANG_ENABLE_MODULES = YES;
				CLANG_ENABLE_OBJC_ARC = YES;
				CLANG_ENABLE_OBJC_WEAK = YES;
				CLANG_WARN_BLOCK_CAPTURE_AUTORELEASING = YES;
				CLANG_WARN_BOOL_CONVERSION = YES;
				CLANG_WARN_COMMA = YES;
				CLANG_WARN_CONSTANT_CONVERSION = YES;
				CLANG_WARN_DEPRECATED_OBJC_IMPLEMENTATIONS = YES;
				CLANG_WARN_DIRECT_OBJC_ISA_USAGE = YES_ERROR;
				CLANG_WARN_DOCUMENTATION_COMMENTS = YES;
				CLANG_WARN_EMPTY_BODY = YES;
				CLANG_WARN_ENUM_CONVERSION = YES;
				CLANG_WARN_INFINITE_RECURSION = YES;
				CLANG_WARN_INT_CONVERSION = YES;
				CLANG_WARN_NON_LITERAL_NULL_CONVERSION = YES;
				CLANG_WARN_OBJC_IMPLICIT_RETAIN_SELF = YES;
				CLANG_WARN_OBJC_LITERAL_CONVERSION = YES;
				CLANG_WARN_OBJC_ROOT_CLASS = YES_ERROR;
				CLANG_WARN_RANGE_LOOP_ANALYSIS = YES;
				CLANG_WARN_STRICT_PROTOTYPES = YES;
				CLANG_WARN_SUSPICIOUS_MOVE = YES;
				CLANG_WARN_UNGUARDED_AVAILABILITY = YES_AGGRESSIVE;
				CLANG_WARN_UNREACHABLE_CODE = YES;
				CLANG_WARN__DUPLICATE_METHOD_MATCH = YES;
				CODE_SIGN_IDENTITY = "iPhone Developer";
				COPY_PHASE_STRIP = NO;
				DEBUG_INFORMATION_FORMAT = "dwarf-with-dsym";
				ENABLE_NS_ASSERTIONS = NO;
				ENABLE_STRICT_OBJC_MSGSEND = YES;
				GCC_C_LANGUAGE_STANDARD = gnu11;
				GCC_NO_COMMON_BLOCKS = YES;
				GCC_WARN_64_TO_32_BIT_CONVERSION = YES;
				GCC_WARN_ABOUT_RETURN_TYPE = YES_ERROR;
				GCC_WARN_UNDECLARED_SELECTOR = YES;
				GCC_WARN_UNINITIALIZED_AUTOS = YES_AGGRESSIVE;
				GCC_WARN_UNUSED_FUNCTION = YES;
				GCC_WARN_UNUSED_VARIABLE = YES;
				IPHONEOS_DEPLOYMENT_TARGET = 11.4;
				MTL_ENABLE_DEBUG_INFO = NO;
				SDKROOT = iphoneos;
				VALIDATE_PRODUCT = YES;
			};
			name = Release;
		};
		F410CAC920D0AF95003C045A /* Debug */ = {
			isa = XCBuildConfiguration;
			baseConfigurationReference = E6F20B51FD082465E4A14D38 /* Pods-ProductDemo.debug.xcconfig */;
			buildSettings = {
				ASSETCATALOG_COMPILER_APPICON_NAME = AppIcon;
				CODE_SIGN_STYLE = Automatic;
				COMPRESS_PNG_FILES = YES;
				DEVELOPMENT_TEAM = B7QX9LL49R;
				GCC_PRECOMPILE_PREFIX_HEADER = YES;
				GCC_PREFIX_HEADER = ProductDemo/Product.pch;
				INFOPLIST_FILE = ProductDemo/Info.plist;
				IPHONEOS_DEPLOYMENT_TARGET = 9.0;
				LD_RUNPATH_SEARCH_PATHS = (
					"$(inherited)",
					"@executable_path/Frameworks",
				);
				PRODUCT_BUNDLE_IDENTIFIER = zidong.ProductDemo;
				PRODUCT_NAME = "$(TARGET_NAME)";
				TARGETED_DEVICE_FAMILY = "1,2";
			};
			name = Debug;
		};
		F410CACA20D0AF95003C045A /* Release */ = {
			isa = XCBuildConfiguration;
			baseConfigurationReference = C607F5E80749F71F436CBDDD /* Pods-ProductDemo.release.xcconfig */;
			buildSettings = {
				ASSETCATALOG_COMPILER_APPICON_NAME = AppIcon;
				CODE_SIGN_STYLE = Automatic;
				COMPRESS_PNG_FILES = YES;
				DEVELOPMENT_TEAM = B7QX9LL49R;
				GCC_PRECOMPILE_PREFIX_HEADER = YES;
				GCC_PREFIX_HEADER = ProductDemo/Product.pch;
				INFOPLIST_FILE = ProductDemo/Info.plist;
				IPHONEOS_DEPLOYMENT_TARGET = 9.0;
				LD_RUNPATH_SEARCH_PATHS = (
					"$(inherited)",
					"@executable_path/Frameworks",
				);
				PRODUCT_BUNDLE_IDENTIFIER = zidong.ProductDemo;
				PRODUCT_NAME = "$(TARGET_NAME)";
				TARGETED_DEVICE_FAMILY = "1,2";
			};
			name = Release;
		};
		F410CACC20D0AF95003C045A /* Debug */ = {
			isa = XCBuildConfiguration;
			buildSettings = {
				BUNDLE_LOADER = "$(TEST_HOST)";
				CODE_SIGN_STYLE = Automatic;
				DEVELOPMENT_TEAM = B7QX9LL49R;
				INFOPLIST_FILE = ProductDemoTests/Info.plist;
				LD_RUNPATH_SEARCH_PATHS = (
					"$(inherited)",
					"@executable_path/Frameworks",
					"@loader_path/Frameworks",
				);
				PRODUCT_BUNDLE_IDENTIFIER = zidong.ProductDemoTests;
				PRODUCT_NAME = "$(TARGET_NAME)";
				TARGETED_DEVICE_FAMILY = "1,2";
				TEST_HOST = "$(BUILT_PRODUCTS_DIR)/ProductDemo.app/ProductDemo";
			};
			name = Debug;
		};
		F410CACD20D0AF95003C045A /* Release */ = {
			isa = XCBuildConfiguration;
			buildSettings = {
				BUNDLE_LOADER = "$(TEST_HOST)";
				CODE_SIGN_STYLE = Automatic;
				DEVELOPMENT_TEAM = B7QX9LL49R;
				INFOPLIST_FILE = ProductDemoTests/Info.plist;
				LD_RUNPATH_SEARCH_PATHS = (
					"$(inherited)",
					"@executable_path/Frameworks",
					"@loader_path/Frameworks",
				);
				PRODUCT_BUNDLE_IDENTIFIER = zidong.ProductDemoTests;
				PRODUCT_NAME = "$(TARGET_NAME)";
				TARGETED_DEVICE_FAMILY = "1,2";
				TEST_HOST = "$(BUILT_PRODUCTS_DIR)/ProductDemo.app/ProductDemo";
			};
			name = Release;
		};
		F410CACF20D0AF95003C045A /* Debug */ = {
			isa = XCBuildConfiguration;
			buildSettings = {
				CODE_SIGN_STYLE = Automatic;
				DEVELOPMENT_TEAM = B7QX9LL49R;
				INFOPLIST_FILE = ProductDemoUITests/Info.plist;
				LD_RUNPATH_SEARCH_PATHS = (
					"$(inherited)",
					"@executable_path/Frameworks",
					"@loader_path/Frameworks",
				);
				PRODUCT_BUNDLE_IDENTIFIER = zidong.ProductDemoUITests;
				PRODUCT_NAME = "$(TARGET_NAME)";
				TARGETED_DEVICE_FAMILY = "1,2";
				TEST_TARGET_NAME = ProductDemo;
			};
			name = Debug;
		};
		F410CAD020D0AF95003C045A /* Release */ = {
			isa = XCBuildConfiguration;
			buildSettings = {
				CODE_SIGN_STYLE = Automatic;
				DEVELOPMENT_TEAM = B7QX9LL49R;
				INFOPLIST_FILE = ProductDemoUITests/Info.plist;
				LD_RUNPATH_SEARCH_PATHS = (
					"$(inherited)",
					"@executable_path/Frameworks",
					"@loader_path/Frameworks",
				);
				PRODUCT_BUNDLE_IDENTIFIER = zidong.ProductDemoUITests;
				PRODUCT_NAME = "$(TARGET_NAME)";
				TARGETED_DEVICE_FAMILY = "1,2";
				TEST_TARGET_NAME = ProductDemo;
			};
			name = Release;
		};
/* End XCBuildConfiguration section */

/* Begin XCConfigurationList section */
		F410CA9720D0AF92003C045A /* Build configuration list for PBXProject "ProductDemo" */ = {
			isa = XCConfigurationList;
			buildConfigurations = (
				F410CAC620D0AF95003C045A /* Debug */,
				F410CAC720D0AF95003C045A /* Release */,
			);
			defaultConfigurationIsVisible = 0;
			defaultConfigurationName = Release;
		};
		F410CAC820D0AF95003C045A /* Build configuration list for PBXNativeTarget "ProductDemo" */ = {
			isa = XCConfigurationList;
			buildConfigurations = (
				F410CAC920D0AF95003C045A /* Debug */,
				F410CACA20D0AF95003C045A /* Release */,
			);
			defaultConfigurationIsVisible = 0;
			defaultConfigurationName = Release;
		};
		F410CACB20D0AF95003C045A /* Build configuration list for PBXNativeTarget "ProductDemoTests" */ = {
			isa = XCConfigurationList;
			buildConfigurations = (
				F410CACC20D0AF95003C045A /* Debug */,
				F410CACD20D0AF95003C045A /* Release */,
			);
			defaultConfigurationIsVisible = 0;
			defaultConfigurationName = Release;
		};
		F410CACE20D0AF95003C045A /* Build configuration list for PBXNativeTarget "ProductDemoUITests" */ = {
			isa = XCConfigurationList;
			buildConfigurations = (
				F410CACF20D0AF95003C045A /* Debug */,
				F410CAD020D0AF95003C045A /* Release */,
			);
			defaultConfigurationIsVisible = 0;
			defaultConfigurationName = Release;
		};
/* End XCConfigurationList section */
	};
	rootObject = F410CA9420D0AF92003C045A /* Project object */;
}
