// !$*UTF8*$!
{
	archiveVersion = 1;
	classes = {
	};
	objectVersion = 50;
	objects = {

/* Begin PBXBuildFile section */
		F410CAA120D0AF92003C045A /* AppDelegate.m in Sources */ = {isa = PBXBuildFile; fileRef = F410CAA020D0AF92003C045A /* AppDelegate.m */; };
		F410CAA420D0AF92003C045A /* ViewController.m in Sources */ = {isa = PBXBuildFile; fileRef = F410CAA320D0AF92003C045A /* ViewController.m */; };
		F410CAA720D0AF92003C045A /* Main.storyboard in Resources */ = {isa = PBXBuildFile; fileRef = F410CAA520D0AF92003C045A /* Main.storyboard */; };
		F410CAA920D0AF95003C045A /* Assets.xcassets in Resources */ = {isa = PBXBuildFile; fileRef = F410CAA820D0AF95003C045A /* Assets.xcassets */; };
		F410CAAC20D0AF95003C045A /* LaunchScreen.storyboard in Resources */ = {isa = PBXBuildFile; fileRef = F410CAAA20D0AF95003C045A /* LaunchScreen.storyboard */; };
		F410CAAF20D0AF95003C045A /* main.m in Sources */ = {isa = PBXBuildFile; fileRef = F410CAAE20D0AF95003C045A /* main.m */; };
		F410CAB920D0AF95003C045A /* ProductDemoTests.m in Sources */ = {isa = PBXBuildFile; fileRef = F410CAB820D0AF95003C045A /* ProductDemoTests.m */; };
		F410CAC420D0AF95003C045A /* ProductDemoUITests.m in Sources */ = {isa = PBXBuildFile; fileRef = F410CAC320D0AF95003C045A /* ProductDemoUITests.m */; };
		F410CAD420D0B290003C045A /* IconUtil.m in Sources */ = {isa = PBXBuildFile; fileRef = F410CAD220D0B290003C045A /* IconUtil.m */; };
		F410CADB20D0C788003C045A /* NSString+Fmt.m in Sources */ = {isa = PBXBuildFile; fileRef = F410CADA20D0C788003C045A /* NSString+Fmt.m */; };
		F410CADE20D0C8C0003C045A /* NSString+JudgeType.m in Sources */ = {isa = PBXBuildFile; fileRef = F410CADD20D0C8C0003C045A /* NSString+JudgeType.m */; };
		F410CAE120D0C94E003C045A /* DeviceInfoUtil.m in Sources */ = {isa = PBXBuildFile; fileRef = F410CAE020D0C94E003C045A /* DeviceInfoUtil.m */; };
/* End PBXBuildFile section */

/* Begin PBXContainerItemProxy section */
		F410CAB520D0AF95003C045A /* PBXContainerItemProxy */ = {
			isa = PBXContainerItemProxy;
			containerPortal = F410CA9420D0AF92003C045A /* Project object */;
			proxyType = 1;
			remoteGlobalIDString = F410CA9B20D0AF92003C045A;
			remoteInfo = ProductDemo;
		};
		F410CAC020D0AF95003C045A /* PBXContainerItemProxy */ = {
			isa = PBXContainerItemProxy;
			containerPortal = F410CA9420D0AF92003C045A /* Project object */;
			proxyType = 1;
			remoteGlobalIDString = F410CA9B20D0AF92003C045A;
			remoteInfo = ProductDemo;
		};
/* End PBXContainerItemProxy section */

/* Begin PBXFileReference section */
		F410CA9C20D0AF92003C045A /* ProductDemo.app */ = {isa = PBXFileReference; explicitFileType = wrapper.application; includeInIndex = 0; path = ProductDemo.app; sourceTree = BUILT_PRODUCTS_DIR; };
		F410CA9F20D0AF92003C045A /* AppDelegate.h */ = {isa = PBXFileReference; lastKnownFileType = sourcecode.c.h; path = AppDelegate.h; sourceTree = "<group>"; };
		F410CAA020D0AF92003C045A /* AppDelegate.m */ = {isa = PBXFileReference; lastKnownFileType = sourcecode.c.objc; path = AppDelegate.m; sourceTree = "<group>"; };
		F410CAA220D0AF92003C045A /* ViewController.h */ = {isa = PBXFileReference; lastKnownFileType = sourcecode.c.h; path = ViewController.h; sourceTree = "<group>"; };
		F410CAA320D0AF92003C045A /* ViewController.m */ = {isa = PBXFileReference; lastKnownFileType = sourcecode.c.objc; path = ViewController.m; sourceTree = "<group>"; };
		F410CAA620D0AF92003C045A /* Base */ = {isa = PBXFileReference; lastKnownFileType = file.storyboard; name = Base; path = Base.lproj/Main.storyboard; sourceTree = "<group>"; };
		F410CAA820D0AF95003C045A /* Assets.xcassets */ = {isa = PBXFileReference; lastKnownFileType = folder.assetcatalog; path = Assets.xcassets; sourceTree = "<group>"; };
		F410CAAB20D0AF95003C045A /* Base */ = {isa = PBXFileReference; lastKnownFileType = file.storyboard; name = Base; path = Base.lproj/LaunchScreen.storyboard; sourceTree = "<group>"; };
		F410CAAD20D0AF95003C045A /* Info.plist */ = {isa = PBXFileReference; lastKnownFileType = text.plist.xml; path = Info.plist; sourceTree = "<group>"; };
		F410CAAE20D0AF95003C045A /* main.m */ = {isa = PBXFileReference; lastKnownFileType = sourcecode.c.objc; path = main.m; sourceTree = "<group>"; };
		F410CAB420D0AF95003C045A /* ProductDemoTests.xctest */ = {isa = PBXFileReference; explicitFileType = wrapper.cfbundle; includeInIndex = 0; path = ProductDemoTests.xctest; sourceTree = BUILT_PRODUCTS_DIR; };
		F410CAB820D0AF95003C045A /* ProductDemoTests.m */ = {isa = PBXFileReference; lastKnownFileType = sourcecode.c.objc; path = ProductDemoTests.m; sourceTree = "<group>"; };
		F410CABA20D0AF95003C045A /* Info.plist */ = {isa = PBXFileReference; lastKnownFileType = text.plist.xml; path = Info.plist; sourceTree = "<group>"; };
		F410CABF20D0AF95003C045A /* ProductDemoUITests.xctest */ = {isa = PBXFileReference; explicitFileType = wrapper.cfbundle; includeInIndex = 0; path = ProductDemoUITests.xctest; sourceTree = BUILT_PRODUCTS_DIR; };
		F410CAC320D0AF95003C045A /* ProductDemoUITests.m */ = {isa = PBXFileReference; lastKnownFileType = sourcecode.c.objc; path = ProductDemoUITests.m; sourceTree = "<group>"; };
		F410CAC520D0AF95003C045A /* Info.plist */ = {isa = PBXFileReference; lastKnownFileType = text.plist.xml; path = Info.plist; sourceTree = "<group>"; };
		F410CAD220D0B290003C045A /* IconUtil.m */ = {isa = PBXFileReference; fileEncoding = 4; lastKnownFileType = sourcecode.c.objc; path = IconUtil.m; sourceTree = "<group>"; };
		F410CAD320D0B290003C045A /* IconUtil.h */ = {isa = PBXFileReference; fileEncoding = 4; lastKnownFileType = sourcecode.c.h; path = IconUtil.h; sourceTree = "<group>"; };
		F410CAD920D0C788003C045A /* NSString+Fmt.h */ = {isa = PBXFileReference; lastKnownFileType = sourcecode.c.h; path = "NSString+Fmt.h"; sourceTree = "<group>"; };
		F410CADA20D0C788003C045A /* NSString+Fmt.m */ = {isa = PBXFileReference; lastKnownFileType = sourcecode.c.objc; path = "NSString+Fmt.m"; sourceTree = "<group>"; };
		F410CADC20D0C8C0003C045A /* NSString+JudgeType.h */ = {isa = PBXFileReference; lastKnownFileType = sourcecode.c.h; path = "NSString+JudgeType.h"; sourceTree = "<group>"; };
		F410CADD20D0C8C0003C045A /* NSString+JudgeType.m */ = {isa = PBXFileReference; lastKnownFileType = sourcecode.c.objc; path = "NSString+JudgeType.m"; sourceTree = "<group>"; };
		F410CADF20D0C94E003C045A /* DeviceInfoUtil.h */ = {isa = PBXFileReference; lastKnownFileType = sourcecode.c.h; path = DeviceInfoUtil.h; sourceTree = "<group>"; };
		F410CAE020D0C94E003C045A /* DeviceInfoUtil.m */ = {isa = PBXFileReference; lastKnownFileType = sourcecode.c.objc; path = DeviceInfoUtil.m; sourceTree = "<group>"; };
/* End PBXFileReference section */

/* Begin PBXFrameworksBuildPhase section */
		F410CA9920D0AF92003C045A /* Frameworks */ = {
			isa = PBXFrameworksBuildPhase;
			buildActionMask = 2147483647;
			files = (
			);
			runOnlyForDeploymentPostprocessing = 0;
		};
		F410CAB120D0AF95003C045A /* Frameworks */ = {
			isa = PBXFrameworksBuildPhase;
			buildActionMask = 2147483647;
			files = (
			);
			runOnlyForDeploymentPostprocessing = 0;
		};
		F410CABC20D0AF95003C045A /* Frameworks */ = {
			isa = PBXFrameworksBuildPhase;
			buildActionMask = 2147483647;
			files = (
			);
			runOnlyForDeploymentPostprocessing = 0;
		};
/* End PBXFrameworksBuildPhase section */

/* Begin PBXGroup section */
		F410CA9320D0AF92003C045A = {
			isa = PBXGroup;
			children = (
				F410CA9E20D0AF92003C045A /* ProductDemo */,
				F410CAB720D0AF95003C045A /* ProductDemoTests */,
				F410CAC220D0AF95003C045A /* ProductDemoUITests */,
				F410CA9D20D0AF92003C045A /* Products */,
			);
			sourceTree = "<group>";
		};
		F410CA9D20D0AF92003C045A /* Products */ = {
			isa = PBXGroup;
			children = (
				F410CA9C20D0AF92003C045A /* ProductDemo.app */,
				F410CAB420D0AF95003C045A /* ProductDemoTests.xctest */,
				F410CABF20D0AF95003C045A /* ProductDemoUITests.xctest */,
			);
			name = Products;
			sourceTree = "<group>";
		};
		F410CA9E20D0AF92003C045A /* ProductDemo */ = {
			isa = PBXGroup;
			children = (
				F410CAD520D0B569003C045A /* Category */,
				F410CAD120D0B27C003C045A /* Tools */,
				F410CA9F20D0AF92003C045A /* AppDelegate.h */,
				F410CAA020D0AF92003C045A /* AppDelegate.m */,
				F410CAA220D0AF92003C045A /* ViewController.h */,
				F410CAA320D0AF92003C045A /* ViewController.m */,
				F410CAA520D0AF92003C045A /* Main.storyboard */,
				F410CAA820D0AF95003C045A /* Assets.xcassets */,
				F410CAAA20D0AF95003C045A /* LaunchScreen.storyboard */,
				F410CAAD20D0AF95003C045A /* Info.plist */,
				F410CAAE20D0AF95003C045A /* main.m */,
			);
			path = ProductDemo;
			sourceTree = "<group>";
		};
		F410CAB720D0AF95003C045A /* ProductDemoTests */ = {
			isa = PBXGroup;
			children = (
				F410CAB820D0AF95003C045A /* ProductDemoTests.m */,
				F410CABA20D0AF95003C045A /* Info.plist */,
			);
			path = ProductDemoTests;
			sourceTree = "<group>";
		};
		F410CAC220D0AF95003C045A /* ProductDemoUITests */ = {
			isa = PBXGroup;
			children = (
				F410CAC320D0AF95003C045A /* ProductDemoUITests.m */,
				F410CAC520D0AF95003C045A /* Info.plist */,
			);
			path = ProductDemoUITests;
			sourceTree = "<group>";
		};
		F410CAD120D0B27C003C045A /* Tools */ = {
			isa = PBXGroup;
			children = (
				F410CAD320D0B290003C045A /* IconUtil.h */,
				F410CAD220D0B290003C045A /* IconUtil.m */,
				F410CADF20D0C94E003C045A /* DeviceInfoUtil.h */,
				F410CAE020D0C94E003C045A /* DeviceInfoUtil.m */,
			);
			path = Tools;
			sourceTree = "<group>";
		};
		F410CAD520D0B569003C045A /* Category */ = {
			isa = PBXGroup;
			children = (
				F410CAD920D0C788003C045A /* NSString+Fmt.h */,
				F410CADA20D0C788003C045A /* NSString+Fmt.m */,
				F410CADC20D0C8C0003C045A /* NSString+JudgeType.h */,
				F410CADD20D0C8C0003C045A /* NSString+JudgeType.m */,
			);
			path = Category;
			sourceTree = "<group>";
		};
/* End PBXGroup section */

/* Begin PBXNativeTarget section */
		F410CA9B20D0AF92003C045A /* ProductDemo */ = {
			isa = PBXNativeTarget;
			buildConfigurationList = F410CAC820D0AF95003C045A /* Build configuration list for PBXNativeTarget "ProductDemo" */;
			buildPhases = (
				F410CA9820D0AF92003C045A /* Sources */,
				F410CA9920D0AF92003C045A /* Frameworks */,
				F410CA9A20D0AF92003C045A /* Resources */,
			);
			buildRules = (
			);
			dependencies = (
			);
			name = ProductDemo;
			productName = ProductDemo;
			productReference = F410CA9C20D0AF92003C045A /* ProductDemo.app */;
			productType = "com.apple.product-type.application";
		};
		F410CAB320D0AF95003C045A /* ProductDemoTests */ = {
			isa = PBXNativeTarget;
			buildConfigurationList = F410CACB20D0AF95003C045A /* Build configuration list for PBXNativeTarget "ProductDemoTests" */;
			buildPhases = (
				F410CAB020D0AF95003C045A /* Sources */,
				F410CAB120D0AF95003C045A /* Frameworks */,
				F410CAB220D0AF95003C045A /* Resources */,
			);
			buildRules = (
			);
			dependencies = (
				F410CAB620D0AF95003C045A /* PBXTargetDependency */,
			);
			name = ProductDemoTests;
			productName = ProductDemoTests;
			productReference = F410CAB420D0AF95003C045A /* ProductDemoTests.xctest */;
			productType = "com.apple.product-type.bundle.unit-test";
		};
		F410CABE20D0AF95003C045A /* ProductDemoUITests */ = {
			isa = PBXNativeTarget;
			buildConfigurationList = F410CACE20D0AF95003C045A /* Build configuration list for PBXNativeTarget "ProductDemoUITests" */;
			buildPhases = (
				F410CABB20D0AF95003C045A /* Sources */,
				F410CABC20D0AF95003C045A /* Frameworks */,
				F410CABD20D0AF95003C045A /* Resources */,
			);
			buildRules = (
			);
			dependencies = (
				F410CAC120D0AF95003C045A /* PBXTargetDependency */,
			);
			name = ProductDemoUITests;
			productName = ProductDemoUITests;
			productReference = F410CABF20D0AF95003C045A /* ProductDemoUITests.xctest */;
			productType = "com.apple.product-type.bundle.ui-testing";
		};
/* End PBXNativeTarget section */

/* Begin PBXProject section */
		F410CA9420D0AF92003C045A /* Project object */ = {
			isa = PBXProject;
			attributes = {
				LastUpgradeCheck = 0940;
				ORGANIZATIONNAME = qizd;
				TargetAttributes = {
					F410CA9B20D0AF92003C045A = {
						CreatedOnToolsVersion = 9.4;
					};
					F410CAB320D0AF95003C045A = {
						CreatedOnToolsVersion = 9.4;
						TestTargetID = F410CA9B20D0AF92003C045A;
					};
					F410CABE20D0AF95003C045A = {
						CreatedOnToolsVersion = 9.4;
						TestTargetID = F410CA9B20D0AF92003C045A;
					};
				};
			};
			buildConfigurationList = F410CA9720D0AF92003C045A /* Build configuration list for PBXProject "ProductDemo" */;
			compatibilityVersion = "Xcode 9.3";
			developmentRegion = en;
			hasScannedForEncodings = 0;
			knownRegions = (
				en,
				Base,
			);
			mainGroup = F410CA9320D0AF92003C045A;
			productRefGroup = F410CA9D20D0AF92003C045A /* Products */;
			projectDirPath = "";
			projectRoot = "";
			targets = (
				F410CA9B20D0AF92003C045A /* ProductDemo */,
				F410CAB320D0AF95003C045A /* ProductDemoTests */,
				F410CABE20D0AF95003C045A /* ProductDemoUITests */,
			);
		};
/* End PBXProject section */

/* Begin PBXResourcesBuildPhase section */
		F410CA9A20D0AF92003C045A /* Resources */ = {
			isa = PBXResourcesBuildPhase;
			buildActionMask = 2147483647;
			files = (
				F410CAAC20D0AF95003C045A /* LaunchScreen.storyboard in Resources */,
				F410CAA920D0AF95003C045A /* Assets.xcassets in Resources */,
				F410CAA720D0AF92003C045A /* Main.storyboard in Resources */,
			);
			runOnlyForDeploymentPostprocessing = 0;
		};
		F410CAB220D0AF95003C045A /* Resources */ = {
			isa = PBXResourcesBuildPhase;
			buildActionMask = 2147483647;
			files = (
			);
			runOnlyForDeploymentPostprocessing = 0;
		};
		F410CABD20D0AF95003C045A /* Resources */ = {
			isa = PBXResourcesBuildPhase;
			buildActionMask = 2147483647;
			files = (
			);
			runOnlyForDeploymentPostprocessing = 0;
		};
/* End PBXResourcesBuildPhase section */

/* Begin PBXSourcesBuildPhase section */
		F410CA9820D0AF92003C045A /* Sources */ = {
			isa = PBXSourcesBuildPhase;
			buildActionMask = 2147483647;
			files = (
				F410CAD420D0B290003C045A /* IconUtil.m in Sources */,
				F410CAE120D0C94E003C045A /* DeviceInfoUtil.m in Sources */,
				F410CAA420D0AF92003C045A /* ViewController.m in Sources */,
				F410CADB20D0C788003C045A /* NSString+Fmt.m in Sources */,
				F410CAAF20D0AF95003C045A /* main.m in Sources */,
				F410CAA120D0AF92003C045A /* AppDelegate.m in Sources */,
				F410CADE20D0C8C0003C045A /* NSString+JudgeType.m in Sources */,
			);
			runOnlyForDeploymentPostprocessing = 0;
		};
		F410CAB020D0AF95003C045A /* Sources */ = {
			isa = PBXSourcesBuildPhase;
			buildActionMask = 2147483647;
			files = (
				F410CAB920D0AF95003C045A /* ProductDemoTests.m in Sources */,
			);
			runOnlyForDeploymentPostprocessing = 0;
		};
		F410CABB20D0AF95003C045A /* Sources */ = {
			isa = PBXSourcesBuildPhase;
			buildActionMask = 2147483647;
			files = (
				F410CAC420D0AF95003C045A /* ProductDemoUITests.m in Sources */,
			);
			runOnlyForDeploymentPostprocessing = 0;
		};
/* End PBXSourcesBuildPhase section */

/* Begin PBXTargetDependency section */
		F410CAB620D0AF95003C045A /* PBXTargetDependency */ = {
			isa = PBXTargetDependency;
			target = F410CA9B20D0AF92003C045A /* ProductDemo */;
			targetProxy = F410CAB520D0AF95003C045A /* PBXContainerItemProxy */;
		};
		F410CAC120D0AF95003C045A /* PBXTargetDependency */ = {
			isa = PBXTargetDependency;
			target = F410CA9B20D0AF92003C045A /* ProductDemo */;
			targetProxy = F410CAC020D0AF95003C045A /* PBXContainerItemProxy */;
		};
/* End PBXTargetDependency section */

/* Begin PBXVariantGroup section */
		F410CAA520D0AF92003C045A /* Main.storyboard */ = {
			isa = PBXVariantGroup;
			children = (
				F410CAA620D0AF92003C045A /* Base */,
			);
			name = Main.storyboard;
			sourceTree = "<group>";
		};
		F410CAAA20D0AF95003C045A /* LaunchScreen.storyboard */ = {
			isa = PBXVariantGroup;
			children = (
				F410CAAB20D0AF95003C045A /* Base */,
			);
			name = LaunchScreen.storyboard;
			sourceTree = "<group>";
		};
/* End PBXVariantGroup section */

/* Begin XCBuildConfiguration section */
		F410CAC620D0AF95003C045A /* Debug */ = {
			isa = XCBuildConfiguration;
			buildSettings = {
				ALWAYS_SEARCH_USER_PATHS = NO;
				CLANG_ANALYZER_NONNULL = YES;
				CLANG_ANALYZER_NUMBER_OBJECT_CONVERSION = YES_AGGRESSIVE;
				CLANG_CXX_LANGUAGE_STANDARD = "gnu++14";
				CLANG_CXX_LIBRARY = "libc++";
				CLANG_ENABLE_MODULES = YES;
				CLANG_ENABLE_OBJC_ARC = YES;
				CLANG_ENABLE_OBJC_WEAK = YES;
				CLANG_WARN_BLOCK_CAPTURE_AUTORELEASING = YES;
				CLANG_WARN_BOOL_CONVERSION = YES;
				CLANG_WARN_COMMA = YES;
				CLANG_WARN_CONSTANT_CONVERSION = YES;
				CLANG_WARN_DEPRECATED_OBJC_IMPLEMENTATIONS = YES;
				CLANG_WARN_DIRECT_OBJC_ISA_USAGE = YES_ERROR;
				CLANG_WARN_DOCUMENTATION_COMMENTS = YES;
				CLANG_WARN_EMPTY_BODY = YES;
				CLANG_WARN_ENUM_CONVERSION = YES;
				CLANG_WARN_INFINITE_RECURSION = YES;
				CLANG_WARN_INT_CONVERSION = YES;
				CLANG_WARN_NON_LITERAL_NULL_CONVERSION = YES;
				CLANG_WARN_OBJC_IMPLICIT_RETAIN_SELF = YES;
				CLANG_WARN_OBJC_LITERAL_CONVERSION = YES;
				CLANG_WARN_OBJC_ROOT_CLASS = YES_ERROR;
				CLANG_WARN_RANGE_LOOP_ANALYSIS = YES;
				CLANG_WARN_STRICT_PROTOTYPES = YES;
				CLANG_WARN_SUSPICIOUS_MOVE = YES;
				CLANG_WARN_UNGUARDED_AVAILABILITY = YES_AGGRESSIVE;
				CLANG_WARN_UNREACHABLE_CODE = YES;
				CLANG_WARN__DUPLICATE_METHOD_MATCH = YES;
				CODE_SIGN_IDENTITY = "iPhone Developer";
				COPY_PHASE_STRIP = NO;
				DEBUG_INFORMATION_FORMAT = dwarf;
				ENABLE_STRICT_OBJC_MSGSEND = YES;
				ENABLE_TESTABILITY = YES;
				GCC_C_LANGUAGE_STANDARD = gnu11;
				GCC_DYNAMIC_NO_PIC = NO;
				GCC_NO_COMMON_BLOCKS = YES;
				GCC_OPTIMIZATION_LEVEL = 0;
				GCC_PREPROCESSOR_DEFINITIONS = (
					"DEBUG=1",
					"$(inherited)",
				);
				GCC_WARN_64_TO_32_BIT_CONVERSION = YES;
				GCC_WARN_ABOUT_RETURN_TYPE = YES_ERROR;
				GCC_WARN_UNDECLARED_SELECTOR = YES;
				GCC_WARN_UNINITIALIZED_AUTOS = YES_AGGRESSIVE;
				GCC_WARN_UNUSED_FUNCTION = YES;
				GCC_WARN_UNUSED_VARIABLE = YES;
				IPHONEOS_DEPLOYMENT_TARGET = 11.4;
				MTL_ENABLE_DEBUG_INFO = YES;
				ONLY_ACTIVE_ARCH = YES;
				SDKROOT = iphoneos;
			};
			name = Debug;
		};
		F410CAC720D0AF95003C045A /* Release */ = {
			isa = XCBuildConfiguration;
			buildSettings = {
				ALWAYS_SEARCH_USER_PATHS = NO;
				CLANG_ANALYZER_NONNULL = YES;
				CLANG_ANALYZER_NUMBER_OBJECT_CONVERSION = YES_AGGRESSIVE;
				CLANG_CXX_LANGUAGE_STANDARD = "gnu++14";
				CLANG_CXX_LIBRARY = "libc++";
				CLANG_ENABLE_MODULES = YES;
				CLANG_ENABLE_OBJC_ARC = YES;
				CLANG_ENABLE_OBJC_WEAK = YES;
				CLANG_WARN_BLOCK_CAPTURE_AUTORELEASING = YES;
				CLANG_WARN_BOOL_CONVERSION = YES;
				CLANG_WARN_COMMA = YES;
				CLANG_WARN_CONSTANT_CONVERSION = YES;
				CLANG_WARN_DEPRECATED_OBJC_IMPLEMENTATIONS = YES;
				CLANG_WARN_DIRECT_OBJC_ISA_USAGE = YES_ERROR;
				CLANG_WARN_DOCUMENTATION_COMMENTS = YES;
				CLANG_WARN_EMPTY_BODY = YES;
				CLANG_WARN_ENUM_CONVERSION = YES;
				CLANG_WARN_INFINITE_RECURSION = YES;
				CLANG_WARN_INT_CONVERSION = YES;
				CLANG_WARN_NON_LITERAL_NULL_CONVERSION = YES;
				CLANG_WARN_OBJC_IMPLICIT_RETAIN_SELF = YES;
				CLANG_WARN_OBJC_LITERAL_CONVERSION = YES;
				CLANG_WARN_OBJC_ROOT_CLASS = YES_ERROR;
				CLANG_WARN_RANGE_LOOP_ANALYSIS = YES;
				CLANG_WARN_STRICT_PROTOTYPES = YES;
				CLANG_WARN_SUSPICIOUS_MOVE = YES;
				CLANG_WARN_UNGUARDED_AVAILABILITY = YES_AGGRESSIVE;
				CLANG_WARN_UNREACHABLE_CODE = YES;
				CLANG_WARN__DUPLICATE_METHOD_MATCH = YES;
				CODE_SIGN_IDENTITY = "iPhone Developer";
				COPY_PHASE_STRIP = NO;
				DEBUG_INFORMATION_FORMAT = "dwarf-with-dsym";
				ENABLE_NS_ASSERTIONS = NO;
				ENABLE_STRICT_OBJC_MSGSEND = YES;
				GCC_C_LANGUAGE_STANDARD = gnu11;
				GCC_NO_COMMON_BLOCKS = YES;
				GCC_WARN_64_TO_32_BIT_CONVERSION = YES;
				GCC_WARN_ABOUT_RETURN_TYPE = YES_ERROR;
				GCC_WARN_UNDECLARED_SELECTOR = YES;
				GCC_WARN_UNINITIALIZED_AUTOS = YES_AGGRESSIVE;
				GCC_WARN_UNUSED_FUNCTION = YES;
				GCC_WARN_UNUSED_VARIABLE = YES;
				IPHONEOS_DEPLOYMENT_TARGET = 11.4;
				MTL_ENABLE_DEBUG_INFO = NO;
				SDKROOT = iphoneos;
				VALIDATE_PRODUCT = YES;
			};
			name = Release;
		};
		F410CAC920D0AF95003C045A /* Debug */ = {
			isa = XCBuildConfiguration;
			buildSettings = {
				ASSETCATALOG_COMPILER_APPICON_NAME = AppIcon;
				CODE_SIGN_STYLE = Automatic;
				DEVELOPMENT_TEAM = B7QX9LL49R;
				INFOPLIST_FILE = ProductDemo/Info.plist;
				LD_RUNPATH_SEARCH_PATHS = (
					"$(inherited)",
					"@executable_path/Frameworks",
				);
				PRODUCT_BUNDLE_IDENTIFIER = zidong.ProductDemo;
				PRODUCT_NAME = "$(TARGET_NAME)";
				TARGETED_DEVICE_FAMILY = "1,2";
			};
			name = Debug;
		};
		F410CACA20D0AF95003C045A /* Release */ = {
			isa = XCBuildConfiguration;
			buildSettings = {
				ASSETCATALOG_COMPILER_APPICON_NAME = AppIcon;
				CODE_SIGN_STYLE = Automatic;
				DEVELOPMENT_TEAM = B7QX9LL49R;
				INFOPLIST_FILE = ProductDemo/Info.plist;
				LD_RUNPATH_SEARCH_PATHS = (
					"$(inherited)",
					"@executable_path/Frameworks",
				);
				PRODUCT_BUNDLE_IDENTIFIER = zidong.ProductDemo;
				PRODUCT_NAME = "$(TARGET_NAME)";
				TARGETED_DEVICE_FAMILY = "1,2";
			};
			name = Release;
		};
		F410CACC20D0AF95003C045A /* Debug */ = {
			isa = XCBuildConfiguration;
			buildSettings = {
				BUNDLE_LOADER = "$(TEST_HOST)";
				CODE_SIGN_STYLE = Automatic;
				DEVELOPMENT_TEAM = B7QX9LL49R;
				INFOPLIST_FILE = ProductDemoTests/Info.plist;
				LD_RUNPATH_SEARCH_PATHS = (
					"$(inherited)",
					"@executable_path/Frameworks",
					"@loader_path/Frameworks",
				);
				PRODUCT_BUNDLE_IDENTIFIER = zidong.ProductDemoTests;
				PRODUCT_NAME = "$(TARGET_NAME)";
				TARGETED_DEVICE_FAMILY = "1,2";
				TEST_HOST = "$(BUILT_PRODUCTS_DIR)/ProductDemo.app/ProductDemo";
			};
			name = Debug;
		};
		F410CACD20D0AF95003C045A /* Release */ = {
			isa = XCBuildConfiguration;
			buildSettings = {
				BUNDLE_LOADER = "$(TEST_HOST)";
				CODE_SIGN_STYLE = Automatic;
				DEVELOPMENT_TEAM = B7QX9LL49R;
				INFOPLIST_FILE = ProductDemoTests/Info.plist;
				LD_RUNPATH_SEARCH_PATHS = (
					"$(inherited)",
					"@executable_path/Frameworks",
					"@loader_path/Frameworks",
				);
				PRODUCT_BUNDLE_IDENTIFIER = zidong.ProductDemoTests;
				PRODUCT_NAME = "$(TARGET_NAME)";
				TARGETED_DEVICE_FAMILY = "1,2";
				TEST_HOST = "$(BUILT_PRODUCTS_DIR)/ProductDemo.app/ProductDemo";
			};
			name = Release;
		};
		F410CACF20D0AF95003C045A /* Debug */ = {
			isa = XCBuildConfiguration;
			buildSettings = {
				CODE_SIGN_STYLE = Automatic;
				DEVELOPMENT_TEAM = B7QX9LL49R;
				INFOPLIST_FILE = ProductDemoUITests/Info.plist;
				LD_RUNPATH_SEARCH_PATHS = (
					"$(inherited)",
					"@executable_path/Frameworks",
					"@loader_path/Frameworks",
				);
				PRODUCT_BUNDLE_IDENTIFIER = zidong.ProductDemoUITests;
				PRODUCT_NAME = "$(TARGET_NAME)";
				TARGETED_DEVICE_FAMILY = "1,2";
				TEST_TARGET_NAME = ProductDemo;
			};
			name = Debug;
		};
		F410CAD020D0AF95003C045A /* Release */ = {
			isa = XCBuildConfiguration;
			buildSettings = {
				CODE_SIGN_STYLE = Automatic;
				DEVELOPMENT_TEAM = B7QX9LL49R;
				INFOPLIST_FILE = ProductDemoUITests/Info.plist;
				LD_RUNPATH_SEARCH_PATHS = (
					"$(inherited)",
					"@executable_path/Frameworks",
					"@loader_path/Frameworks",
				);
				PRODUCT_BUNDLE_IDENTIFIER = zidong.ProductDemoUITests;
				PRODUCT_NAME = "$(TARGET_NAME)";
				TARGETED_DEVICE_FAMILY = "1,2";
				TEST_TARGET_NAME = ProductDemo;
			};
			name = Release;
		};
/* End XCBuildConfiguration section */

/* Begin XCConfigurationList section */
		F410CA9720D0AF92003C045A /* Build configuration list for PBXProject "ProductDemo" */ = {
			isa = XCConfigurationList;
			buildConfigurations = (
				F410CAC620D0AF95003C045A /* Debug */,
				F410CAC720D0AF95003C045A /* Release */,
			);
			defaultConfigurationIsVisible = 0;
			defaultConfigurationName = Release;
		};
		F410CAC820D0AF95003C045A /* Build configuration list for PBXNativeTarget "ProductDemo" */ = {
			isa = XCConfigurationList;
			buildConfigurations = (
				F410CAC920D0AF95003C045A /* Debug */,
				F410CACA20D0AF95003C045A /* Release */,
			);
			defaultConfigurationIsVisible = 0;
			defaultConfigurationName = Release;
		};
		F410CACB20D0AF95003C045A /* Build configuration list for PBXNativeTarget "ProductDemoTests" */ = {
			isa = XCConfigurationList;
			buildConfigurations = (
				F410CACC20D0AF95003C045A /* Debug */,
				F410CACD20D0AF95003C045A /* Release */,
			);
			defaultConfigurationIsVisible = 0;
			defaultConfigurationName = Release;
		};
		F410CACE20D0AF95003C045A /* Build configuration list for PBXNativeTarget "ProductDemoUITests" */ = {
			isa = XCConfigurationList;
			buildConfigurations = (
				F410CACF20D0AF95003C045A /* Debug */,
				F410CAD020D0AF95003C045A /* Release */,
			);
			defaultConfigurationIsVisible = 0;
			defaultConfigurationName = Release;
		};
/* End XCConfigurationList section */
	};
	rootObject = F410CA9420D0AF92003C045A /* Project object */;
}
